// !$*UTF8*$!
{
	archiveVersion = 1;
	classes = {
	};
	objectVersion = 46;
	objects = {

/* Begin PBXBuildFile section */
		093FBC6D1D658D04002667CD /* JRDBResult.m in Sources */ = {isa = PBXBuildFile; fileRef = 093FBC6C1D658D04002667CD /* JRDBResult.m */; };
		096773901DF7DC1800553366 /* JRDBChainCondition.m in Sources */ = {isa = PBXBuildFile; fileRef = 0967738F1DF7DC1800553366 /* JRDBChainCondition.m */; };
		09822BB61DBF00D400662F49 /* FMDatabase+JRPersistentHandler.m in Sources */ = {isa = PBXBuildFile; fileRef = 09822BB51DBF00D400662F49 /* FMDatabase+JRPersistentHandler.m */; };
		09822BB71DBF00D400662F49 /* FMDatabase+JRPersistentHandler.m in Sources */ = {isa = PBXBuildFile; fileRef = 09822BB51DBF00D400662F49 /* FMDatabase+JRPersistentHandler.m */; };
		09943EB51D630FB000C7164D /* JRDBMgrContextTests.m in Sources */ = {isa = PBXBuildFile; fileRef = 09943EB41D630FB000C7164D /* JRDBMgrContextTests.m */; };
		5A7AED821D05294B000AD4FE /* JRMiddleTable.m in Sources */ = {isa = PBXBuildFile; fileRef = 5A7AED811D05294B000AD4FE /* JRMiddleTable.m */; };
		5AA3DB331D067DD800795E80 /* JRDBTestJRDBMgr.m in Sources */ = {isa = PBXBuildFile; fileRef = 5AA3DB321D067DD800795E80 /* JRDBTestJRDBMgr.m */; };
		5AA5B3DE1CE2D46900360DC0 /* JRFMDBResultSetHandler.m in Sources */ = {isa = PBXBuildFile; fileRef = 5AA5B3DD1CE2D46900360DC0 /* JRFMDBResultSetHandler.m */; };
		5AC8B3321CE1DA2500079BC8 /* NSObject+JRDB.m in Sources */ = {isa = PBXBuildFile; fileRef = 5AC8B3311CE1DA2500079BC8 /* NSObject+JRDB.m */; };
		5ACBEEB21CE1B3A500371E01 /* main.m in Sources */ = {isa = PBXBuildFile; fileRef = 5ACBEEB11CE1B3A500371E01 /* main.m */; };
		5ACBEEB51CE1B3A500371E01 /* AppDelegate.m in Sources */ = {isa = PBXBuildFile; fileRef = 5ACBEEB41CE1B3A500371E01 /* AppDelegate.m */; };
		5ACBEEB81CE1B3A500371E01 /* ViewController.m in Sources */ = {isa = PBXBuildFile; fileRef = 5ACBEEB71CE1B3A500371E01 /* ViewController.m */; };
		5ACBEEBB1CE1B3A500371E01 /* Main.storyboard in Resources */ = {isa = PBXBuildFile; fileRef = 5ACBEEB91CE1B3A500371E01 /* Main.storyboard */; };
		5ACBEEBD1CE1B3A500371E01 /* Assets.xcassets in Resources */ = {isa = PBXBuildFile; fileRef = 5ACBEEBC1CE1B3A500371E01 /* Assets.xcassets */; };
		5ACBEEC01CE1B3A500371E01 /* LaunchScreen.storyboard in Resources */ = {isa = PBXBuildFile; fileRef = 5ACBEEBE1CE1B3A500371E01 /* LaunchScreen.storyboard */; };
		5ACBEECB1CE1B3A500371E01 /* JRDBTests.m in Sources */ = {isa = PBXBuildFile; fileRef = 5ACBEECA1CE1B3A500371E01 /* JRDBTests.m */; };
		5ACBEEE61CE1B65700371E01 /* JRDBMgr.m in Sources */ = {isa = PBXBuildFile; fileRef = 5ACBEEE51CE1B65700371E01 /* JRDBMgr.m */; };
		5ACBEEEB1CE1B91F00371E01 /* JRSqlGenerator.m in Sources */ = {isa = PBXBuildFile; fileRef = 5ACBEEEA1CE1B91F00371E01 /* JRSqlGenerator.m */; };
		5AD17B341D3354BC00F2B669 /* JRDBChain.m in Sources */ = {isa = PBXBuildFile; fileRef = 5AD17B331D3354BC00F2B669 /* JRDBChain.m */; };
		5AD63F241CE1C2480044ACE6 /* Person.m in Sources */ = {isa = PBXBuildFile; fileRef = 5AD63F231CE1C2480044ACE6 /* Person.m */; };
		5AD63F271CE1C40F0044ACE6 /* AViewController.swift in Sources */ = {isa = PBXBuildFile; fileRef = 5AD63F261CE1C40F0044ACE6 /* AViewController.swift */; };
		5AE115421D364ED400886657 /* JRDBChainTest.m in Sources */ = {isa = PBXBuildFile; fileRef = 5AE115411D364ED400886657 /* JRDBChainTest.m */; };
		72357FC93EB5C7D59A18076F /* libPods-JRDBTests.a in Frameworks */ = {isa = PBXBuildFile; fileRef = 2CE99294CEA1A2C1C484D937 /* libPods-JRDBTests.a */; };
		A80015F71D0EEC29000EA41A /* JRActivatedProperty.m in Sources */ = {isa = PBXBuildFile; fileRef = A80015F61D0EEC29000EA41A /* JRActivatedProperty.m */; };
		A822B2F81DD8505B00A07ED4 /* JRDBTestByKiwi.m in Sources */ = {isa = PBXBuildFile; fileRef = A822B2F71DD8505B00A07ED4 /* JRDBTestByKiwi.m */; };
		A876AB9ABC8BE60FC4881BA5 /* libPods-JRDB.a in Frameworks */ = {isa = PBXBuildFile; fileRef = 632830974E0244C0E00157B4 /* libPods-JRDB.a */; };
		A8A1B2251D033C8C00886403 /* NSObject+Reflect.m in Sources */ = {isa = PBXBuildFile; fileRef = A8A1B2241D033C8C00886403 /* NSObject+Reflect.m */; };
		A8A1B2281D033CDC00886403 /* OBJCProperty.m in Sources */ = {isa = PBXBuildFile; fileRef = A8A1B2271D033CDC00886403 /* OBJCProperty.m */; };
		A8C6B41D1DF71B77003A57B3 /* JRPersistentUtil.m in Sources */ = {isa = PBXBuildFile; fileRef = A8C6B41C1DF71B77003A57B3 /* JRPersistentUtil.m */; };
/* End PBXBuildFile section */

/* Begin PBXContainerItemProxy section */
		5ACBEEC71CE1B3A500371E01 /* PBXContainerItemProxy */ = {
			isa = PBXContainerItemProxy;
			containerPortal = 5ACBEEA51CE1B3A500371E01 /* Project object */;
			proxyType = 1;
			remoteGlobalIDString = 5ACBEEAC1CE1B3A500371E01;
			remoteInfo = JRDB;
		};
/* End PBXContainerItemProxy section */

/* Begin PBXFileReference section */
		093FBC6B1D658D04002667CD /* JRDBResult.h */ = {isa = PBXFileReference; fileEncoding = 4; lastKnownFileType = sourcecode.c.h; path = JRDBResult.h; sourceTree = "<group>"; };
		093FBC6C1D658D04002667CD /* JRDBResult.m */ = {isa = PBXFileReference; fileEncoding = 4; lastKnownFileType = sourcecode.c.objc; path = JRDBResult.m; sourceTree = "<group>"; };
		0967738E1DF7DC1800553366 /* JRDBChainCondition.h */ = {isa = PBXFileReference; fileEncoding = 4; lastKnownFileType = sourcecode.c.h; path = JRDBChainCondition.h; sourceTree = "<group>"; };
		0967738F1DF7DC1800553366 /* JRDBChainCondition.m */ = {isa = PBXFileReference; fileEncoding = 4; lastKnownFileType = sourcecode.c.objc; path = JRDBChainCondition.m; sourceTree = "<group>"; };
		09822BB31DBEF58600662F49 /* JRPersistentHandler.h */ = {isa = PBXFileReference; fileEncoding = 4; lastKnownFileType = sourcecode.c.h; path = JRPersistentHandler.h; sourceTree = "<group>"; };
		09822BB41DBF00D400662F49 /* FMDatabase+JRPersistentHandler.h */ = {isa = PBXFileReference; fileEncoding = 4; lastKnownFileType = sourcecode.c.h; path = "FMDatabase+JRPersistentHandler.h"; sourceTree = "<group>"; };
		09822BB51DBF00D400662F49 /* FMDatabase+JRPersistentHandler.m */ = {isa = PBXFileReference; fileEncoding = 4; lastKnownFileType = sourcecode.c.objc; path = "FMDatabase+JRPersistentHandler.m"; sourceTree = "<group>"; };
		09943EB41D630FB000C7164D /* JRDBMgrContextTests.m */ = {isa = PBXFileReference; fileEncoding = 4; lastKnownFileType = sourcecode.c.objc; path = JRDBMgrContextTests.m; sourceTree = "<group>"; };
		2CE99294CEA1A2C1C484D937 /* libPods-JRDBTests.a */ = {isa = PBXFileReference; explicitFileType = archive.ar; includeInIndex = 0; path = "libPods-JRDBTests.a"; sourceTree = BUILT_PRODUCTS_DIR; };
		4C07B4AAB655E10433E17527 /* Pods-JRDB.release.xcconfig */ = {isa = PBXFileReference; includeInIndex = 1; lastKnownFileType = text.xcconfig; name = "Pods-JRDB.release.xcconfig"; path = "Pods/Target Support Files/Pods-JRDB/Pods-JRDB.release.xcconfig"; sourceTree = "<group>"; };
		5A7AED801D05294B000AD4FE /* JRMiddleTable.h */ = {isa = PBXFileReference; fileEncoding = 4; lastKnownFileType = sourcecode.c.h; path = JRMiddleTable.h; sourceTree = "<group>"; };
		5A7AED811D05294B000AD4FE /* JRMiddleTable.m */ = {isa = PBXFileReference; fileEncoding = 4; lastKnownFileType = sourcecode.c.objc; path = JRMiddleTable.m; sourceTree = "<group>"; };
		5AA3DB321D067DD800795E80 /* JRDBTestJRDBMgr.m */ = {isa = PBXFileReference; fileEncoding = 4; lastKnownFileType = sourcecode.c.objc; path = JRDBTestJRDBMgr.m; sourceTree = "<group>"; };
		5AA5B3DC1CE2D46900360DC0 /* JRFMDBResultSetHandler.h */ = {isa = PBXFileReference; fileEncoding = 4; lastKnownFileType = sourcecode.c.h; path = JRFMDBResultSetHandler.h; sourceTree = "<group>"; };
		5AA5B3DD1CE2D46900360DC0 /* JRFMDBResultSetHandler.m */ = {isa = PBXFileReference; fileEncoding = 4; lastKnownFileType = sourcecode.c.objc; path = JRFMDBResultSetHandler.m; sourceTree = "<group>"; };
		5AA7387B1CE430E20020947F /* JRDB.h */ = {isa = PBXFileReference; fileEncoding = 4; lastKnownFileType = sourcecode.c.h; path = JRDB.h; sourceTree = "<group>"; };
		5AC8B3301CE1DA2500079BC8 /* NSObject+JRDB.h */ = {isa = PBXFileReference; fileEncoding = 4; lastKnownFileType = sourcecode.c.h; path = "NSObject+JRDB.h"; sourceTree = "<group>"; };
		5AC8B3311CE1DA2500079BC8 /* NSObject+JRDB.m */ = {isa = PBXFileReference; fileEncoding = 4; lastKnownFileType = sourcecode.c.objc; path = "NSObject+JRDB.m"; sourceTree = "<group>"; };
		5ACBEEAD1CE1B3A500371E01 /* JRDB.app */ = {isa = PBXFileReference; explicitFileType = wrapper.application; includeInIndex = 0; path = JRDB.app; sourceTree = BUILT_PRODUCTS_DIR; };
		5ACBEEB11CE1B3A500371E01 /* main.m */ = {isa = PBXFileReference; lastKnownFileType = sourcecode.c.objc; path = main.m; sourceTree = "<group>"; };
		5ACBEEB31CE1B3A500371E01 /* AppDelegate.h */ = {isa = PBXFileReference; lastKnownFileType = sourcecode.c.h; path = AppDelegate.h; sourceTree = "<group>"; };
		5ACBEEB41CE1B3A500371E01 /* AppDelegate.m */ = {isa = PBXFileReference; lastKnownFileType = sourcecode.c.objc; path = AppDelegate.m; sourceTree = "<group>"; };
		5ACBEEB61CE1B3A500371E01 /* ViewController.h */ = {isa = PBXFileReference; lastKnownFileType = sourcecode.c.h; path = ViewController.h; sourceTree = "<group>"; };
		5ACBEEB71CE1B3A500371E01 /* ViewController.m */ = {isa = PBXFileReference; lastKnownFileType = sourcecode.c.objc; path = ViewController.m; sourceTree = "<group>"; };
		5ACBEEBA1CE1B3A500371E01 /* Base */ = {isa = PBXFileReference; lastKnownFileType = file.storyboard; name = Base; path = Base.lproj/Main.storyboard; sourceTree = "<group>"; };
		5ACBEEBC1CE1B3A500371E01 /* Assets.xcassets */ = {isa = PBXFileReference; lastKnownFileType = folder.assetcatalog; path = Assets.xcassets; sourceTree = "<group>"; };
		5ACBEEBF1CE1B3A500371E01 /* Base */ = {isa = PBXFileReference; lastKnownFileType = file.storyboard; name = Base; path = Base.lproj/LaunchScreen.storyboard; sourceTree = "<group>"; };
		5ACBEEC11CE1B3A500371E01 /* Info.plist */ = {isa = PBXFileReference; lastKnownFileType = text.plist.xml; path = Info.plist; sourceTree = "<group>"; };
		5ACBEEC61CE1B3A500371E01 /* JRDBTests.xctest */ = {isa = PBXFileReference; explicitFileType = wrapper.cfbundle; includeInIndex = 0; path = JRDBTests.xctest; sourceTree = BUILT_PRODUCTS_DIR; };
		5ACBEECA1CE1B3A500371E01 /* JRDBTests.m */ = {isa = PBXFileReference; lastKnownFileType = sourcecode.c.objc; path = JRDBTests.m; sourceTree = "<group>"; };
		5ACBEECC1CE1B3A500371E01 /* Info.plist */ = {isa = PBXFileReference; lastKnownFileType = text.plist.xml; path = Info.plist; sourceTree = "<group>"; };
		5ACBEEE41CE1B65700371E01 /* JRDBMgr.h */ = {isa = PBXFileReference; fileEncoding = 4; lastKnownFileType = sourcecode.c.h; path = JRDBMgr.h; sourceTree = "<group>"; };
		5ACBEEE51CE1B65700371E01 /* JRDBMgr.m */ = {isa = PBXFileReference; fileEncoding = 4; lastKnownFileType = sourcecode.c.objc; path = JRDBMgr.m; sourceTree = "<group>"; };
		5ACBEEE81CE1B8B800371E01 /* JRPersistent.h */ = {isa = PBXFileReference; fileEncoding = 4; lastKnownFileType = sourcecode.c.h; path = JRPersistent.h; sourceTree = "<group>"; };
		5ACBEEE91CE1B91F00371E01 /* JRSqlGenerator.h */ = {isa = PBXFileReference; fileEncoding = 4; lastKnownFileType = sourcecode.c.h; path = JRSqlGenerator.h; sourceTree = "<group>"; };
		5ACBEEEA1CE1B91F00371E01 /* JRSqlGenerator.m */ = {isa = PBXFileReference; fileEncoding = 4; lastKnownFileType = sourcecode.c.objc; path = JRSqlGenerator.m; sourceTree = "<group>"; };
		5AD17B321D3354BC00F2B669 /* JRDBChain.h */ = {isa = PBXFileReference; fileEncoding = 4; lastKnownFileType = sourcecode.c.h; path = JRDBChain.h; sourceTree = "<group>"; };
		5AD17B331D3354BC00F2B669 /* JRDBChain.m */ = {isa = PBXFileReference; fileEncoding = 4; lastKnownFileType = sourcecode.c.objc; path = JRDBChain.m; sourceTree = "<group>"; };
		5AD63F221CE1C2480044ACE6 /* Person.h */ = {isa = PBXFileReference; fileEncoding = 4; lastKnownFileType = sourcecode.c.h; path = Person.h; sourceTree = "<group>"; };
		5AD63F231CE1C2480044ACE6 /* Person.m */ = {isa = PBXFileReference; fileEncoding = 4; lastKnownFileType = sourcecode.c.objc; path = Person.m; sourceTree = "<group>"; };
		5AD63F251CE1C40F0044ACE6 /* JRDB-Bridging-Header.h */ = {isa = PBXFileReference; lastKnownFileType = sourcecode.c.h; path = "JRDB-Bridging-Header.h"; sourceTree = "<group>"; };
		5AD63F261CE1C40F0044ACE6 /* AViewController.swift */ = {isa = PBXFileReference; fileEncoding = 4; lastKnownFileType = sourcecode.swift; path = AViewController.swift; sourceTree = "<group>"; };
		5AE115411D364ED400886657 /* JRDBChainTest.m */ = {isa = PBXFileReference; fileEncoding = 4; lastKnownFileType = sourcecode.c.objc; path = JRDBChainTest.m; sourceTree = "<group>"; };
		632830974E0244C0E00157B4 /* libPods-JRDB.a */ = {isa = PBXFileReference; explicitFileType = archive.ar; includeInIndex = 0; path = "libPods-JRDB.a"; sourceTree = BUILT_PRODUCTS_DIR; };
		939D01E04EAA2344216A9878 /* Pods-JRDBTests.release.xcconfig */ = {isa = PBXFileReference; includeInIndex = 1; lastKnownFileType = text.xcconfig; name = "Pods-JRDBTests.release.xcconfig"; path = "Pods/Target Support Files/Pods-JRDBTests/Pods-JRDBTests.release.xcconfig"; sourceTree = "<group>"; };
		A80015F51D0EEC29000EA41A /* JRActivatedProperty.h */ = {isa = PBXFileReference; fileEncoding = 4; lastKnownFileType = sourcecode.c.h; path = JRActivatedProperty.h; sourceTree = "<group>"; };
		A80015F61D0EEC29000EA41A /* JRActivatedProperty.m */ = {isa = PBXFileReference; fileEncoding = 4; lastKnownFileType = sourcecode.c.objc; path = JRActivatedProperty.m; sourceTree = "<group>"; };
		A822B2F71DD8505B00A07ED4 /* JRDBTestByKiwi.m */ = {isa = PBXFileReference; fileEncoding = 4; lastKnownFileType = sourcecode.c.objc; path = JRDBTestByKiwi.m; sourceTree = "<group>"; };
		A8A1B2231D033C8C00886403 /* NSObject+Reflect.h */ = {isa = PBXFileReference; fileEncoding = 4; lastKnownFileType = sourcecode.c.h; path = "NSObject+Reflect.h"; sourceTree = "<group>"; };
		A8A1B2241D033C8C00886403 /* NSObject+Reflect.m */ = {isa = PBXFileReference; fileEncoding = 4; lastKnownFileType = sourcecode.c.objc; path = "NSObject+Reflect.m"; sourceTree = "<group>"; };
		A8A1B2261D033CDC00886403 /* OBJCProperty.h */ = {isa = PBXFileReference; fileEncoding = 4; lastKnownFileType = sourcecode.c.h; path = OBJCProperty.h; sourceTree = "<group>"; };
		A8A1B2271D033CDC00886403 /* OBJCProperty.m */ = {isa = PBXFileReference; fileEncoding = 4; lastKnownFileType = sourcecode.c.objc; path = OBJCProperty.m; sourceTree = "<group>"; };
		A8A1B22C1D03D29900886403 /* JRReflectable.h */ = {isa = PBXFileReference; lastKnownFileType = sourcecode.c.h; path = JRReflectable.h; sourceTree = "<group>"; };
		A8C6B41B1DF71B77003A57B3 /* JRPersistentUtil.h */ = {isa = PBXFileReference; fileEncoding = 4; lastKnownFileType = sourcecode.c.h; path = JRPersistentUtil.h; sourceTree = "<group>"; };
		A8C6B41C1DF71B77003A57B3 /* JRPersistentUtil.m */ = {isa = PBXFileReference; fileEncoding = 4; lastKnownFileType = sourcecode.c.objc; path = JRPersistentUtil.m; sourceTree = "<group>"; };
		C78394A58BF0B0CB70137A8B /* Pods-JRDBTests.debug.xcconfig */ = {isa = PBXFileReference; includeInIndex = 1; lastKnownFileType = text.xcconfig; name = "Pods-JRDBTests.debug.xcconfig"; path = "Pods/Target Support Files/Pods-JRDBTests/Pods-JRDBTests.debug.xcconfig"; sourceTree = "<group>"; };
		F7813F0D5EFC5533FB83B8BB /* Pods-JRDB.debug.xcconfig */ = {isa = PBXFileReference; includeInIndex = 1; lastKnownFileType = text.xcconfig; name = "Pods-JRDB.debug.xcconfig"; path = "Pods/Target Support Files/Pods-JRDB/Pods-JRDB.debug.xcconfig"; sourceTree = "<group>"; };
/* End PBXFileReference section */

/* Begin PBXFrameworksBuildPhase section */
		5ACBEEAA1CE1B3A500371E01 /* Frameworks */ = {
			isa = PBXFrameworksBuildPhase;
			buildActionMask = 2147483647;
			files = (
				A876AB9ABC8BE60FC4881BA5 /* libPods-JRDB.a in Frameworks */,
			);
			runOnlyForDeploymentPostprocessing = 0;
		};
		5ACBEEC31CE1B3A500371E01 /* Frameworks */ = {
			isa = PBXFrameworksBuildPhase;
			buildActionMask = 2147483647;
			files = (
				72357FC93EB5C7D59A18076F /* libPods-JRDBTests.a in Frameworks */,
			);
			runOnlyForDeploymentPostprocessing = 0;
		};
/* End PBXFrameworksBuildPhase section */

/* Begin PBXGroup section */
		073414814C1B4FCC2015ECDC /* Frameworks */ = {
			isa = PBXGroup;
			children = (
				632830974E0244C0E00157B4 /* libPods-JRDB.a */,
				2CE99294CEA1A2C1C484D937 /* libPods-JRDBTests.a */,
			);
			name = Frameworks;
			sourceTree = "<group>";
		};
		28532896B31528612AD6CBEE /* Pods */ = {
			isa = PBXGroup;
			children = (
				F7813F0D5EFC5533FB83B8BB /* Pods-JRDB.debug.xcconfig */,
				4C07B4AAB655E10433E17527 /* Pods-JRDB.release.xcconfig */,
				C78394A58BF0B0CB70137A8B /* Pods-JRDBTests.debug.xcconfig */,
				939D01E04EAA2344216A9878 /* Pods-JRDBTests.release.xcconfig */,
			);
			name = Pods;
			sourceTree = "<group>";
		};
		5ACBEEA41CE1B3A500371E01 = {
			isa = PBXGroup;
			children = (
				5ACBEEAF1CE1B3A500371E01 /* JRDB */,
				5ACBEEC91CE1B3A500371E01 /* JRDBTests */,
				5ACBEEAE1CE1B3A500371E01 /* Products */,
				28532896B31528612AD6CBEE /* Pods */,
				073414814C1B4FCC2015ECDC /* Frameworks */,
			);
			sourceTree = "<group>";
		};
		5ACBEEAE1CE1B3A500371E01 /* Products */ = {
			isa = PBXGroup;
			children = (
				5ACBEEAD1CE1B3A500371E01 /* JRDB.app */,
				5ACBEEC61CE1B3A500371E01 /* JRDBTests.xctest */,
			);
			name = Products;
			sourceTree = "<group>";
		};
		5ACBEEAF1CE1B3A500371E01 /* JRDB */ = {
			isa = PBXGroup;
			children = (
				5ACBEEE31CE1B3BC00371E01 /* JRDB */,
				5ACBEEB31CE1B3A500371E01 /* AppDelegate.h */,
				5ACBEEB41CE1B3A500371E01 /* AppDelegate.m */,
				5ACBEEB61CE1B3A500371E01 /* ViewController.h */,
				5ACBEEB71CE1B3A500371E01 /* ViewController.m */,
				5ACBEEB91CE1B3A500371E01 /* Main.storyboard */,
				5ACBEEBC1CE1B3A500371E01 /* Assets.xcassets */,
				5ACBEEBE1CE1B3A500371E01 /* LaunchScreen.storyboard */,
				5ACBEEC11CE1B3A500371E01 /* Info.plist */,
				5ACBEEB01CE1B3A500371E01 /* Supporting Files */,
				5AD63F221CE1C2480044ACE6 /* Person.h */,
				5AD63F231CE1C2480044ACE6 /* Person.m */,
				5AD63F261CE1C40F0044ACE6 /* AViewController.swift */,
				5AD63F251CE1C40F0044ACE6 /* JRDB-Bridging-Header.h */,
			);
			path = JRDB;
			sourceTree = "<group>";
		};
		5ACBEEB01CE1B3A500371E01 /* Supporting Files */ = {
			isa = PBXGroup;
			children = (
				5ACBEEB11CE1B3A500371E01 /* main.m */,
			);
			name = "Supporting Files";
			sourceTree = "<group>";
		};
		5ACBEEC91CE1B3A500371E01 /* JRDBTests */ = {
			isa = PBXGroup;
			children = (
				5AE115411D364ED400886657 /* JRDBChainTest.m */,
				A822B2F71DD8505B00A07ED4 /* JRDBTestByKiwi.m */,
				5ACBEECA1CE1B3A500371E01 /* JRDBTests.m */,
				5AA3DB321D067DD800795E80 /* JRDBTestJRDBMgr.m */,
				5ACBEECC1CE1B3A500371E01 /* Info.plist */,
				09943EB41D630FB000C7164D /* JRDBMgrContextTests.m */,
			);
			path = JRDBTests;
			sourceTree = "<group>";
		};
		5ACBEEE31CE1B3BC00371E01 /* JRDB */ = {
			isa = PBXGroup;
			children = (
				5AA7387B1CE430E20020947F /* JRDB.h */,
				A8A1B22C1D03D29900886403 /* JRReflectable.h */,
				A8A1B2231D033C8C00886403 /* NSObject+Reflect.h */,
				A8A1B2241D033C8C00886403 /* NSObject+Reflect.m */,
				A8C6B41B1DF71B77003A57B3 /* JRPersistentUtil.h */,
				A8C6B41C1DF71B77003A57B3 /* JRPersistentUtil.m */,
				A8A1B2261D033CDC00886403 /* OBJCProperty.h */,
				A8A1B2271D033CDC00886403 /* OBJCProperty.m */,
				5ACBEEE81CE1B8B800371E01 /* JRPersistent.h */,
				5ACBEEE41CE1B65700371E01 /* JRDBMgr.h */,
				5ACBEEE51CE1B65700371E01 /* JRDBMgr.m */,
				A80015F51D0EEC29000EA41A /* JRActivatedProperty.h */,
				A80015F61D0EEC29000EA41A /* JRActivatedProperty.m */,
				5ACBEEE91CE1B91F00371E01 /* JRSqlGenerator.h */,
				5ACBEEEA1CE1B91F00371E01 /* JRSqlGenerator.m */,
				5AC8B3301CE1DA2500079BC8 /* NSObject+JRDB.h */,
				5AC8B3311CE1DA2500079BC8 /* NSObject+JRDB.m */,
				09822BB31DBEF58600662F49 /* JRPersistentHandler.h */,
				09822BB41DBF00D400662F49 /* FMDatabase+JRPersistentHandler.h */,
				09822BB51DBF00D400662F49 /* FMDatabase+JRPersistentHandler.m */,
				5AD17B321D3354BC00F2B669 /* JRDBChain.h */,
				5AD17B331D3354BC00F2B669 /* JRDBChain.m */,
				0967738E1DF7DC1800553366 /* JRDBChainCondition.h */,
				0967738F1DF7DC1800553366 /* JRDBChainCondition.m */,
				5AA5B3DC1CE2D46900360DC0 /* JRFMDBResultSetHandler.h */,
				5AA5B3DD1CE2D46900360DC0 /* JRFMDBResultSetHandler.m */,
				5A7AED801D05294B000AD4FE /* JRMiddleTable.h */,
				5A7AED811D05294B000AD4FE /* JRMiddleTable.m */,
				093FBC6B1D658D04002667CD /* JRDBResult.h */,
				093FBC6C1D658D04002667CD /* JRDBResult.m */,
			);
			path = JRDB;
			sourceTree = "<group>";
		};
/* End PBXGroup section */

/* Begin PBXNativeTarget section */
		5ACBEEAC1CE1B3A500371E01 /* JRDB */ = {
			isa = PBXNativeTarget;
			buildConfigurationList = 5ACBEEDA1CE1B3A500371E01 /* Build configuration list for PBXNativeTarget "JRDB" */;
			buildPhases = (
				4D95C77DA2CEAACFA4F68C04 /* [CP] Check Pods Manifest.lock */,
				5ACBEEA91CE1B3A500371E01 /* Sources */,
				5ACBEEAA1CE1B3A500371E01 /* Frameworks */,
				5ACBEEAB1CE1B3A500371E01 /* Resources */,
				1017BC2904B5AEBBF13D8F00 /* [CP] Embed Pods Frameworks */,
				DC887D4D0B32D846A3E2C57C /* [CP] Copy Pods Resources */,
			);
			buildRules = (
			);
			dependencies = (
			);
			name = JRDB;
			productName = JRDB;
			productReference = 5ACBEEAD1CE1B3A500371E01 /* JRDB.app */;
			productType = "com.apple.product-type.application";
		};
		5ACBEEC51CE1B3A500371E01 /* JRDBTests */ = {
			isa = PBXNativeTarget;
			buildConfigurationList = 5ACBEEDD1CE1B3A500371E01 /* Build configuration list for PBXNativeTarget "JRDBTests" */;
			buildPhases = (
				DD17FF33DB6AFB8EE2BD0F4F /* [CP] Check Pods Manifest.lock */,
				5ACBEEC21CE1B3A500371E01 /* Sources */,
				5ACBEEC31CE1B3A500371E01 /* Frameworks */,
				5ACBEEC41CE1B3A500371E01 /* Resources */,
				E21E737E6F79938E7A667ABA /* [CP] Embed Pods Frameworks */,
				765889B2FB1A21910A358FE3 /* [CP] Copy Pods Resources */,
			);
			buildRules = (
			);
			dependencies = (
				5ACBEEC81CE1B3A500371E01 /* PBXTargetDependency */,
			);
			name = JRDBTests;
			productName = JRDBTests;
			productReference = 5ACBEEC61CE1B3A500371E01 /* JRDBTests.xctest */;
			productType = "com.apple.product-type.bundle.unit-test";
		};
/* End PBXNativeTarget section */

/* Begin PBXProject section */
		5ACBEEA51CE1B3A500371E01 /* Project object */ = {
			isa = PBXProject;
			attributes = {
				LastUpgradeCheck = 0820;
				ORGANIZATIONNAME = Jrwong;
				TargetAttributes = {
					5ACBEEAC1CE1B3A500371E01 = {
						CreatedOnToolsVersion = 7.3;
						DevelopmentTeam = FJ535WN7FW;
						LastSwiftMigration = 0800;
						ProvisioningStyle = Automatic;
					};
					5ACBEEC51CE1B3A500371E01 = {
						CreatedOnToolsVersion = 7.3;
						DevelopmentTeam = FJ535WN7FW;
						TestTargetID = 5ACBEEAC1CE1B3A500371E01;
					};
				};
			};
			buildConfigurationList = 5ACBEEA81CE1B3A500371E01 /* Build configuration list for PBXProject "JRDB" */;
			compatibilityVersion = "Xcode 3.2";
			developmentRegion = English;
			hasScannedForEncodings = 0;
			knownRegions = (
				en,
				Base,
			);
			mainGroup = 5ACBEEA41CE1B3A500371E01;
			productRefGroup = 5ACBEEAE1CE1B3A500371E01 /* Products */;
			projectDirPath = "";
			projectRoot = "";
			targets = (
				5ACBEEAC1CE1B3A500371E01 /* JRDB */,
				5ACBEEC51CE1B3A500371E01 /* JRDBTests */,
			);
		};
/* End PBXProject section */

/* Begin PBXResourcesBuildPhase section */
		5ACBEEAB1CE1B3A500371E01 /* Resources */ = {
			isa = PBXResourcesBuildPhase;
			buildActionMask = 2147483647;
			files = (
				5ACBEEC01CE1B3A500371E01 /* LaunchScreen.storyboard in Resources */,
				5ACBEEBD1CE1B3A500371E01 /* Assets.xcassets in Resources */,
				5ACBEEBB1CE1B3A500371E01 /* Main.storyboard in Resources */,
			);
			runOnlyForDeploymentPostprocessing = 0;
		};
		5ACBEEC41CE1B3A500371E01 /* Resources */ = {
			isa = PBXResourcesBuildPhase;
			buildActionMask = 2147483647;
			files = (
			);
			runOnlyForDeploymentPostprocessing = 0;
		};
/* End PBXResourcesBuildPhase section */

/* Begin PBXShellScriptBuildPhase section */
		1017BC2904B5AEBBF13D8F00 /* [CP] Embed Pods Frameworks */ = {
			isa = PBXShellScriptBuildPhase;
			buildActionMask = 2147483647;
			files = (
			);
			inputPaths = (
			);
			name = "[CP] Embed Pods Frameworks";
			outputPaths = (
			);
			runOnlyForDeploymentPostprocessing = 0;
			shellPath = /bin/sh;
			shellScript = "\"${SRCROOT}/Pods/Target Support Files/Pods-JRDB/Pods-JRDB-frameworks.sh\"\n";
			showEnvVarsInLog = 0;
		};
		4D95C77DA2CEAACFA4F68C04 /* [CP] Check Pods Manifest.lock */ = {
			isa = PBXShellScriptBuildPhase;
			buildActionMask = 2147483647;
			files = (
			);
			inputPaths = (
			);
			name = "[CP] Check Pods Manifest.lock";
			outputPaths = (
			);
			runOnlyForDeploymentPostprocessing = 0;
			shellPath = /bin/sh;
			shellScript = "diff \"${PODS_ROOT}/../Podfile.lock\" \"${PODS_ROOT}/Manifest.lock\" > /dev/null\nif [[ $? != 0 ]] ; then\n    cat << EOM\nerror: The sandbox is not in sync with the Podfile.lock. Run 'pod install' or update your CocoaPods installation.\nEOM\n    exit 1\nfi\n";
			showEnvVarsInLog = 0;
		};
		765889B2FB1A21910A358FE3 /* [CP] Copy Pods Resources */ = {
			isa = PBXShellScriptBuildPhase;
			buildActionMask = 2147483647;
			files = (
			);
			inputPaths = (
			);
			name = "[CP] Copy Pods Resources";
			outputPaths = (
			);
			runOnlyForDeploymentPostprocessing = 0;
			shellPath = /bin/sh;
			shellScript = "\"${SRCROOT}/Pods/Target Support Files/Pods-JRDBTests/Pods-JRDBTests-resources.sh\"\n";
			showEnvVarsInLog = 0;
		};
		DC887D4D0B32D846A3E2C57C /* [CP] Copy Pods Resources */ = {
			isa = PBXShellScriptBuildPhase;
			buildActionMask = 2147483647;
			files = (
			);
			inputPaths = (
			);
			name = "[CP] Copy Pods Resources";
			outputPaths = (
			);
			runOnlyForDeploymentPostprocessing = 0;
			shellPath = /bin/sh;
			shellScript = "\"${SRCROOT}/Pods/Target Support Files/Pods-JRDB/Pods-JRDB-resources.sh\"\n";
			showEnvVarsInLog = 0;
		};
		DD17FF33DB6AFB8EE2BD0F4F /* [CP] Check Pods Manifest.lock */ = {
			isa = PBXShellScriptBuildPhase;
			buildActionMask = 2147483647;
			files = (
			);
			inputPaths = (
			);
			name = "[CP] Check Pods Manifest.lock";
			outputPaths = (
			);
			runOnlyForDeploymentPostprocessing = 0;
			shellPath = /bin/sh;
			shellScript = "diff \"${PODS_ROOT}/../Podfile.lock\" \"${PODS_ROOT}/Manifest.lock\" > /dev/null\nif [[ $? != 0 ]] ; then\n    cat << EOM\nerror: The sandbox is not in sync with the Podfile.lock. Run 'pod install' or update your CocoaPods installation.\nEOM\n    exit 1\nfi\n";
			showEnvVarsInLog = 0;
		};
		E21E737E6F79938E7A667ABA /* [CP] Embed Pods Frameworks */ = {
			isa = PBXShellScriptBuildPhase;
			buildActionMask = 2147483647;
			files = (
			);
			inputPaths = (
			);
			name = "[CP] Embed Pods Frameworks";
			outputPaths = (
			);
			runOnlyForDeploymentPostprocessing = 0;
			shellPath = /bin/sh;
			shellScript = "\"${SRCROOT}/Pods/Target Support Files/Pods-JRDBTests/Pods-JRDBTests-frameworks.sh\"\n";
			showEnvVarsInLog = 0;
		};
/* End PBXShellScriptBuildPhase section */

/* Begin PBXSourcesBuildPhase section */
		5ACBEEA91CE1B3A500371E01 /* Sources */ = {
			isa = PBXSourcesBuildPhase;
			buildActionMask = 2147483647;
			files = (
				5AD63F271CE1C40F0044ACE6 /* AViewController.swift in Sources */,
				5ACBEEE61CE1B65700371E01 /* JRDBMgr.m in Sources */,
				09822BB61DBF00D400662F49 /* FMDatabase+JRPersistentHandler.m in Sources */,
				096773901DF7DC1800553366 /* JRDBChainCondition.m in Sources */,
				5ACBEEB81CE1B3A500371E01 /* ViewController.m in Sources */,
				5AD63F241CE1C2480044ACE6 /* Person.m in Sources */,
				5ACBEEB51CE1B3A500371E01 /* AppDelegate.m in Sources */,
				5AA5B3DE1CE2D46900360DC0 /* JRFMDBResultSetHandler.m in Sources */,
				5ACBEEB21CE1B3A500371E01 /* main.m in Sources */,
				093FBC6D1D658D04002667CD /* JRDBResult.m in Sources */,
				5AD17B341D3354BC00F2B669 /* JRDBChain.m in Sources */,
				5ACBEEEB1CE1B91F00371E01 /* JRSqlGenerator.m in Sources */,
				5AC8B3321CE1DA2500079BC8 /* NSObject+JRDB.m in Sources */,
				A8A1B2281D033CDC00886403 /* OBJCProperty.m in Sources */,
				A8A1B2251D033C8C00886403 /* NSObject+Reflect.m in Sources */,
				5A7AED821D05294B000AD4FE /* JRMiddleTable.m in Sources */,
				A8C6B41D1DF71B77003A57B3 /* JRPersistentUtil.m in Sources */,
				A80015F71D0EEC29000EA41A /* JRActivatedProperty.m in Sources */,
			);
			runOnlyForDeploymentPostprocessing = 0;
		};
		5ACBEEC21CE1B3A500371E01 /* Sources */ = {
			isa = PBXSourcesBuildPhase;
			buildActionMask = 2147483647;
			files = (
				09943EB51D630FB000C7164D /* JRDBMgrContextTests.m in Sources */,
				5AA3DB331D067DD800795E80 /* JRDBTestJRDBMgr.m in Sources */,
				5ACBEECB1CE1B3A500371E01 /* JRDBTests.m in Sources */,
				A822B2F81DD8505B00A07ED4 /* JRDBTestByKiwi.m in Sources */,
				5AE115421D364ED400886657 /* JRDBChainTest.m in Sources */,
				09822BB71DBF00D400662F49 /* FMDatabase+JRPersistentHandler.m in Sources */,
			);
			runOnlyForDeploymentPostprocessing = 0;
		};
/* End PBXSourcesBuildPhase section */

/* Begin PBXTargetDependency section */
		5ACBEEC81CE1B3A500371E01 /* PBXTargetDependency */ = {
			isa = PBXTargetDependency;
			target = 5ACBEEAC1CE1B3A500371E01 /* JRDB */;
			targetProxy = 5ACBEEC71CE1B3A500371E01 /* PBXContainerItemProxy */;
		};
/* End PBXTargetDependency section */

/* Begin PBXVariantGroup section */
		5ACBEEB91CE1B3A500371E01 /* Main.storyboard */ = {
			isa = PBXVariantGroup;
			children = (
				5ACBEEBA1CE1B3A500371E01 /* Base */,
			);
			name = Main.storyboard;
			sourceTree = "<group>";
		};
		5ACBEEBE1CE1B3A500371E01 /* LaunchScreen.storyboard */ = {
			isa = PBXVariantGroup;
			children = (
				5ACBEEBF1CE1B3A500371E01 /* Base */,
			);
			name = LaunchScreen.storyboard;
			sourceTree = "<group>";
		};
/* End PBXVariantGroup section */

/* Begin XCBuildConfiguration section */
		5ACBEED81CE1B3A500371E01 /* Debug */ = {
			isa = XCBuildConfiguration;
			buildSettings = {
				ALWAYS_SEARCH_USER_PATHS = NO;
				CLANG_ANALYZER_NONNULL = YES;
				CLANG_CXX_LANGUAGE_STANDARD = "gnu++0x";
				CLANG_CXX_LIBRARY = "libc++";
				CLANG_ENABLE_MODULES = YES;
				CLANG_ENABLE_OBJC_ARC = YES;
				CLANG_WARN_BOOL_CONVERSION = YES;
				CLANG_WARN_CONSTANT_CONVERSION = YES;
				CLANG_WARN_DIRECT_OBJC_ISA_USAGE = YES_ERROR;
				CLANG_WARN_EMPTY_BODY = YES;
				CLANG_WARN_ENUM_CONVERSION = YES;
				CLANG_WARN_INFINITE_RECURSION = YES;
				CLANG_WARN_INT_CONVERSION = YES;
				CLANG_WARN_OBJC_ROOT_CLASS = YES_ERROR;
				CLANG_WARN_SUSPICIOUS_MOVE = YES;
				CLANG_WARN_UNREACHABLE_CODE = YES;
				CLANG_WARN__DUPLICATE_METHOD_MATCH = YES;
				"CODE_SIGN_IDENTITY[sdk=iphoneos*]" = "iPhone Developer";
				COPY_PHASE_STRIP = NO;
				DEBUG_INFORMATION_FORMAT = dwarf;
				ENABLE_STRICT_OBJC_MSGSEND = YES;
				ENABLE_TESTABILITY = YES;
				GCC_C_LANGUAGE_STANDARD = gnu99;
				GCC_DYNAMIC_NO_PIC = NO;
				GCC_NO_COMMON_BLOCKS = YES;
				GCC_OPTIMIZATION_LEVEL = 0;
				GCC_PREPROCESSOR_DEFINITIONS = (
					"DEBUG=1",
					"$(inherited)",
				);
				GCC_WARN_64_TO_32_BIT_CONVERSION = YES;
				GCC_WARN_ABOUT_RETURN_TYPE = YES_ERROR;
				GCC_WARN_UNDECLARED_SELECTOR = YES;
				GCC_WARN_UNINITIALIZED_AUTOS = YES_AGGRESSIVE;
				GCC_WARN_UNUSED_FUNCTION = YES;
				GCC_WARN_UNUSED_VARIABLE = YES;
				IPHONEOS_DEPLOYMENT_TARGET = 9.3;
				MTL_ENABLE_DEBUG_INFO = YES;
				ONLY_ACTIVE_ARCH = YES;
				SDKROOT = iphoneos;
			};
			name = Debug;
		};
		5ACBEED91CE1B3A500371E01 /* Release */ = {
			isa = XCBuildConfiguration;
			buildSettings = {
				ALWAYS_SEARCH_USER_PATHS = NO;
				CLANG_ANALYZER_NONNULL = YES;
				CLANG_CXX_LANGUAGE_STANDARD = "gnu++0x";
				CLANG_CXX_LIBRARY = "libc++";
				CLANG_ENABLE_MODULES = YES;
				CLANG_ENABLE_OBJC_ARC = YES;
				CLANG_WARN_BOOL_CONVERSION = YES;
				CLANG_WARN_CONSTANT_CONVERSION = YES;
				CLANG_WARN_DIRECT_OBJC_ISA_USAGE = YES_ERROR;
				CLANG_WARN_EMPTY_BODY = YES;
				CLANG_WARN_ENUM_CONVERSION = YES;
				CLANG_WARN_INFINITE_RECURSION = YES;
				CLANG_WARN_INT_CONVERSION = YES;
				CLANG_WARN_OBJC_ROOT_CLASS = YES_ERROR;
				CLANG_WARN_SUSPICIOUS_MOVE = YES;
				CLANG_WARN_UNREACHABLE_CODE = YES;
				CLANG_WARN__DUPLICATE_METHOD_MATCH = YES;
				"CODE_SIGN_IDENTITY[sdk=iphoneos*]" = "iPhone Developer";
				COPY_PHASE_STRIP = NO;
				DEBUG_INFORMATION_FORMAT = "dwarf-with-dsym";
				ENABLE_NS_ASSERTIONS = NO;
				ENABLE_STRICT_OBJC_MSGSEND = YES;
				GCC_C_LANGUAGE_STANDARD = gnu99;
				GCC_NO_COMMON_BLOCKS = YES;
				GCC_WARN_64_TO_32_BIT_CONVERSION = YES;
				GCC_WARN_ABOUT_RETURN_TYPE = YES_ERROR;
				GCC_WARN_UNDECLARED_SELECTOR = YES;
				GCC_WARN_UNINITIALIZED_AUTOS = YES_AGGRESSIVE;
				GCC_WARN_UNUSED_FUNCTION = YES;
				GCC_WARN_UNUSED_VARIABLE = YES;
				IPHONEOS_DEPLOYMENT_TARGET = 9.3;
				MTL_ENABLE_DEBUG_INFO = NO;
				SDKROOT = iphoneos;
				SWIFT_OPTIMIZATION_LEVEL = "-Owholemodule";
				VALIDATE_PRODUCT = YES;
			};
			name = Release;
		};
		5ACBEEDB1CE1B3A500371E01 /* Debug */ = {
			isa = XCBuildConfiguration;
			baseConfigurationReference = F7813F0D5EFC5533FB83B8BB /* Pods-JRDB.debug.xcconfig */;
			buildSettings = {
				ASSETCATALOG_COMPILER_APPICON_NAME = AppIcon;
				CLANG_ENABLE_MODULES = YES;
				CODE_SIGN_IDENTITY = "iPhone Developer";
				"CODE_SIGN_IDENTITY[sdk=iphoneos*]" = "iPhone Developer";
				DEVELOPMENT_TEAM = FJ535WN7FW;
				GCC_PRECOMPILE_PREFIX_HEADER = NO;
				GCC_PREFIX_HEADER = "";
				GCC_PREPROCESSOR_DEFINITIONS = (
					"$(inherited)",
					"COCOAPODS=1",
					"JR_DEBUG=1",
				);
				INFOPLIST_FILE = JRDB/Info.plist;
				IPHONEOS_DEPLOYMENT_TARGET = 9.3;
				LD_RUNPATH_SEARCH_PATHS = "$(inherited) @executable_path/Frameworks";
				PRODUCT_BUNDLE_IDENTIFIER = jrwong.abcxxxx;
				PRODUCT_NAME = "$(TARGET_NAME)";
				SWIFT_OBJC_BRIDGING_HEADER = "JRDB/JRDB-Bridging-Header.h";
				SWIFT_OPTIMIZATION_LEVEL = "-Onone";
				SWIFT_VERSION = 3.0;
			};
			name = Debug;
		};
		5ACBEEDC1CE1B3A500371E01 /* Release */ = {
			isa = XCBuildConfiguration;
			baseConfigurationReference = 4C07B4AAB655E10433E17527 /* Pods-JRDB.release.xcconfig */;
			buildSettings = {
				ASSETCATALOG_COMPILER_APPICON_NAME = AppIcon;
				CLANG_ENABLE_MODULES = YES;
				CODE_SIGN_IDENTITY = "iPhone Developer";
				"CODE_SIGN_IDENTITY[sdk=iphoneos*]" = "iPhone Developer";
				DEVELOPMENT_TEAM = FJ535WN7FW;
				GCC_PRECOMPILE_PREFIX_HEADER = NO;
				GCC_PREFIX_HEADER = "";
				INFOPLIST_FILE = JRDB/Info.plist;
				IPHONEOS_DEPLOYMENT_TARGET = 9.3;
				LD_RUNPATH_SEARCH_PATHS = "$(inherited) @executable_path/Frameworks";
				PRODUCT_BUNDLE_IDENTIFIER = jrwong.abcxxxx;
				PRODUCT_NAME = "$(TARGET_NAME)";
				SWIFT_OBJC_BRIDGING_HEADER = "JRDB/JRDB-Bridging-Header.h";
				SWIFT_VERSION = 3.0;
			};
			name = Release;
		};
		5ACBEEDE1CE1B3A500371E01 /* Debug */ = {
			isa = XCBuildConfiguration;
			baseConfigurationReference = C78394A58BF0B0CB70137A8B /* Pods-JRDBTests.debug.xcconfig */;
			buildSettings = {
				BUNDLE_LOADER = "$(TEST_HOST)";
				CLANG_ENABLE_MODULES = YES;
				GCC_PRECOMPILE_PREFIX_HEADER = NO;
				GCC_PREFIX_HEADER = "";
				GCC_PREPROCESSOR_DEFINITIONS = (
					"DEBUG=1",
					"$(inherited)",
					"JR_DEBUG=1",
				);
				INFOPLIST_FILE = JRDBTests/Info.plist;
				LD_RUNPATH_SEARCH_PATHS = "$(inherited) @executable_path/Frameworks @loader_path/Frameworks";
				PRODUCT_BUNDLE_IDENTIFIER = jrwong.abc.JRDBTests;
				PRODUCT_NAME = "$(TARGET_NAME)";
				SWIFT_OBJC_BRIDGING_HEADER = "JRDBTests/JRDBTests-Bridging-Header.h";
				SWIFT_OPTIMIZATION_LEVEL = "-Onone";
				TEST_HOST = "$(BUILT_PRODUCTS_DIR)/JRDB.app/JRDB";
			};
			name = Debug;
		};
		5ACBEEDF1CE1B3A500371E01 /* Release */ = {
			isa = XCBuildConfiguration;
			baseConfigurationReference = 939D01E04EAA2344216A9878 /* Pods-JRDBTests.release.xcconfig */;
			buildSettings = {
				BUNDLE_LOADER = "$(TEST_HOST)";
				CLANG_ENABLE_MODULES = YES;
				GCC_PRECOMPILE_PREFIX_HEADER = NO;
				GCC_PREFIX_HEADER = "";
				INFOPLIST_FILE = JRDBTests/Info.plist;
				LD_RUNPATH_SEARCH_PATHS = "$(inherited) @executable_path/Frameworks @loader_path/Frameworks";
				PRODUCT_BUNDLE_IDENTIFIER = jrwong.abc.JRDBTests;
				PRODUCT_NAME = "$(TARGET_NAME)";
				SWIFT_OBJC_BRIDGING_HEADER = "JRDBTests/JRDBTests-Bridging-Header.h";
				TEST_HOST = "$(BUILT_PRODUCTS_DIR)/JRDB.app/JRDB";
			};
			name = Release;
		};
/* End XCBuildConfiguration section */

/* Begin XCConfigurationList section */
		5ACBEEA81CE1B3A500371E01 /* Build configuration list for PBXProject "JRDB" */ = {
			isa = XCConfigurationList;
			buildConfigurations = (
				5ACBEED81CE1B3A500371E01 /* Debug */,
				5ACBEED91CE1B3A500371E01 /* Release */,
			);
			defaultConfigurationIsVisible = 0;
			defaultConfigurationName = Release;
		};
		5ACBEEDA1CE1B3A500371E01 /* Build configuration list for PBXNativeTarget "JRDB" */ = {
			isa = XCConfigurationList;
			buildConfigurations = (
				5ACBEEDB1CE1B3A500371E01 /* Debug */,
				5ACBEEDC1CE1B3A500371E01 /* Release */,
			);
			defaultConfigurationIsVisible = 0;
			defaultConfigurationName = Release;
		};
		5ACBEEDD1CE1B3A500371E01 /* Build configuration list for PBXNativeTarget "JRDBTests" */ = {
			isa = XCConfigurationList;
			buildConfigurations = (
				5ACBEEDE1CE1B3A500371E01 /* Debug */,
				5ACBEEDF1CE1B3A500371E01 /* Release */,
			);
			defaultConfigurationIsVisible = 0;
			defaultConfigurationName = Release;
		};
/* End XCConfigurationList section */
	};
	rootObject = 5ACBEEA51CE1B3A500371E01 /* Project object */;
}
