<?xml version="1.0" encoding="UTF-8"?>
<!DOCTYPE plist PUBLIC "-//Apple//DTD PLIST 1.0//EN" "http://www.apple.com/DTDs/PropertyList-1.0.dtd">
<plist version="1.0">
<dict>
	<key>archiveVersion</key>
	<string>1</string>
	<key>classes</key>
	<dict/>
	<key>objectVersion</key>
	<string>46</string>
	<key>objects</key>
	<dict>
		<key>1017BC2904B5AEBBF13D8F00</key>
		<dict>
			<key>buildActionMask</key>
			<string>2147483647</string>
			<key>files</key>
			<array/>
			<key>inputPaths</key>
			<array/>
			<key>isa</key>
			<string>PBXShellScriptBuildPhase</string>
			<key>name</key>
			<string>Embed Pods Frameworks</string>
			<key>outputPaths</key>
			<array/>
			<key>runOnlyForDeploymentPostprocessing</key>
			<string>0</string>
			<key>shellPath</key>
			<string>/bin/sh</string>
			<key>shellScript</key>
			<string>"${SRCROOT}/Pods/Target Support Files/Pods/Pods-frameworks.sh"
</string>
			<key>showEnvVarsInLog</key>
			<string>0</string>
		</dict>
		<key>16D9BC35A452ABED0FB7879A</key>
		<dict>
			<key>includeInIndex</key>
			<string>1</string>
			<key>isa</key>
			<string>PBXFileReference</string>
			<key>lastKnownFileType</key>
			<string>text.xcconfig</string>
			<key>name</key>
			<string>Pods.debug.xcconfig</string>
			<key>path</key>
			<string>Pods/Target Support Files/Pods/Pods.debug.xcconfig</string>
			<key>sourceTree</key>
			<string>&lt;group&gt;</string>
		</dict>
		<key>2C94FB217DD9C61722850B3C</key>
		<dict>
			<key>includeInIndex</key>
			<string>1</string>
			<key>isa</key>
			<string>PBXFileReference</string>
			<key>lastKnownFileType</key>
			<string>text.xcconfig</string>
			<key>name</key>
			<string>Pods.release.xcconfig</string>
			<key>path</key>
			<string>Pods/Target Support Files/Pods/Pods.release.xcconfig</string>
			<key>sourceTree</key>
			<string>&lt;group&gt;</string>
		</dict>
		<key>3ECF68302CCB325E34EC7C96</key>
		<dict>
			<key>buildActionMask</key>
			<string>2147483647</string>
			<key>files</key>
			<array/>
			<key>inputPaths</key>
			<array/>
			<key>isa</key>
			<string>PBXShellScriptBuildPhase</string>
			<key>name</key>
			<string>Embed Pods Frameworks</string>
			<key>outputPaths</key>
			<array/>
			<key>runOnlyForDeploymentPostprocessing</key>
			<string>0</string>
			<key>shellPath</key>
			<string>/bin/sh</string>
			<key>shellScript</key>
			<string>"${SRCROOT}/Pods/Target Support Files/Pods/Pods-frameworks.sh"
</string>
			<key>showEnvVarsInLog</key>
			<string>0</string>
		</dict>
		<key>49BD165359DBF35CDF58A6C7</key>
		<dict>
			<key>buildActionMask</key>
			<string>2147483647</string>
			<key>files</key>
			<array/>
			<key>inputPaths</key>
			<array/>
			<key>isa</key>
			<string>PBXShellScriptBuildPhase</string>
			<key>name</key>
			<string>Check Pods Manifest.lock</string>
			<key>outputPaths</key>
			<array/>
			<key>runOnlyForDeploymentPostprocessing</key>
			<string>0</string>
			<key>shellPath</key>
			<string>/bin/sh</string>
			<key>shellScript</key>
			<string>diff "${PODS_ROOT}/../Podfile.lock" "${PODS_ROOT}/Manifest.lock" &gt; /dev/null
if [[ $? != 0 ]] ; then
    cat &lt;&lt; EOM
error: The sandbox is not in sync with the Podfile.lock. Run 'pod install' or update your CocoaPods installation.
EOM
    exit 1
fi
</string>
			<key>showEnvVarsInLog</key>
			<string>0</string>
		</dict>
		<key>4D95C77DA2CEAACFA4F68C04</key>
		<dict>
			<key>buildActionMask</key>
			<string>2147483647</string>
			<key>files</key>
			<array/>
			<key>inputPaths</key>
			<array/>
			<key>isa</key>
			<string>PBXShellScriptBuildPhase</string>
			<key>name</key>
			<string>Check Pods Manifest.lock</string>
			<key>outputPaths</key>
			<array/>
			<key>runOnlyForDeploymentPostprocessing</key>
			<string>0</string>
			<key>shellPath</key>
			<string>/bin/sh</string>
			<key>shellScript</key>
			<string>diff "${PODS_ROOT}/../Podfile.lock" "${PODS_ROOT}/Manifest.lock" &gt; /dev/null
if [[ $? != 0 ]] ; then
    cat &lt;&lt; EOM
error: The sandbox is not in sync with the Podfile.lock. Run 'pod install' or update your CocoaPods installation.
EOM
    exit 1
fi
</string>
			<key>showEnvVarsInLog</key>
			<string>0</string>
		</dict>
		<key>5A7AED801D05294B000AD4FE</key>
		<dict>
			<key>fileEncoding</key>
			<string>4</string>
			<key>isa</key>
			<string>PBXFileReference</string>
			<key>lastKnownFileType</key>
			<string>sourcecode.c.h</string>
			<key>path</key>
			<string>JRMiddleTable.h</string>
			<key>sourceTree</key>
			<string>&lt;group&gt;</string>
		</dict>
		<key>5A7AED811D05294B000AD4FE</key>
		<dict>
			<key>fileEncoding</key>
			<string>4</string>
			<key>isa</key>
			<string>PBXFileReference</string>
			<key>lastKnownFileType</key>
			<string>sourcecode.c.objc</string>
			<key>path</key>
			<string>JRMiddleTable.m</string>
			<key>sourceTree</key>
			<string>&lt;group&gt;</string>
		</dict>
		<key>5A7AED821D05294B000AD4FE</key>
		<dict>
			<key>fileRef</key>
			<string>5A7AED811D05294B000AD4FE</string>
			<key>isa</key>
			<string>PBXBuildFile</string>
		</dict>
		<key>5AA3DB321D067DD800795E80</key>
		<dict>
			<key>fileEncoding</key>
			<string>4</string>
			<key>isa</key>
			<string>PBXFileReference</string>
			<key>lastKnownFileType</key>
			<string>sourcecode.c.objc</string>
			<key>path</key>
			<string>JRDBTestJRDBMgr.m</string>
			<key>sourceTree</key>
			<string>&lt;group&gt;</string>
		</dict>
		<key>5AA3DB331D067DD800795E80</key>
		<dict>
			<key>fileRef</key>
			<string>5AA3DB321D067DD800795E80</string>
			<key>isa</key>
			<string>PBXBuildFile</string>
		</dict>
		<key>5AA4877D1D38977000B199AE</key>
		<dict>
			<key>fileEncoding</key>
			<string>4</string>
			<key>isa</key>
			<string>PBXFileReference</string>
			<key>lastKnownFileType</key>
			<string>sourcecode.c.h</string>
			<key>path</key>
			<string>JRDBQueue.h</string>
			<key>sourceTree</key>
			<string>&lt;group&gt;</string>
		</dict>
		<key>5AA4877E1D38977000B199AE</key>
		<dict>
			<key>fileEncoding</key>
			<string>4</string>
			<key>isa</key>
			<string>PBXFileReference</string>
			<key>lastKnownFileType</key>
			<string>sourcecode.c.objc</string>
			<key>path</key>
			<string>JRDBQueue.m</string>
			<key>sourceTree</key>
			<string>&lt;group&gt;</string>
		</dict>
		<key>5AA4877F1D38977000B199AE</key>
		<dict>
			<key>fileRef</key>
			<string>5AA4877E1D38977000B199AE</string>
			<key>isa</key>
			<string>PBXBuildFile</string>
		</dict>
		<key>5AA5B3DC1CE2D46900360DC0</key>
		<dict>
			<key>fileEncoding</key>
			<string>4</string>
			<key>isa</key>
			<string>PBXFileReference</string>
			<key>lastKnownFileType</key>
			<string>sourcecode.c.h</string>
			<key>path</key>
			<string>JRFMDBResultSetHandler.h</string>
			<key>sourceTree</key>
			<string>&lt;group&gt;</string>
		</dict>
		<key>5AA5B3DD1CE2D46900360DC0</key>
		<dict>
			<key>fileEncoding</key>
			<string>4</string>
			<key>isa</key>
			<string>PBXFileReference</string>
			<key>lastKnownFileType</key>
			<string>sourcecode.c.objc</string>
			<key>path</key>
			<string>JRFMDBResultSetHandler.m</string>
			<key>sourceTree</key>
			<string>&lt;group&gt;</string>
		</dict>
		<key>5AA5B3DE1CE2D46900360DC0</key>
		<dict>
			<key>fileRef</key>
			<string>5AA5B3DD1CE2D46900360DC0</string>
			<key>isa</key>
			<string>PBXBuildFile</string>
		</dict>
		<key>5AA5B3DF1CE3120B00360DC0</key>
		<dict>
			<key>fileEncoding</key>
			<string>4</string>
			<key>isa</key>
			<string>PBXFileReference</string>
			<key>lastKnownFileType</key>
			<string>sourcecode.c.h</string>
			<key>path</key>
			<string>JRQueryCondition.h</string>
			<key>sourceTree</key>
			<string>&lt;group&gt;</string>
		</dict>
		<key>5AA5B3E01CE3120B00360DC0</key>
		<dict>
			<key>fileEncoding</key>
			<string>4</string>
			<key>isa</key>
			<string>PBXFileReference</string>
			<key>lastKnownFileType</key>
			<string>sourcecode.c.objc</string>
			<key>path</key>
			<string>JRQueryCondition.m</string>
			<key>sourceTree</key>
			<string>&lt;group&gt;</string>
		</dict>
		<key>5AA5B3E11CE3120B00360DC0</key>
		<dict>
			<key>fileRef</key>
			<string>5AA5B3E01CE3120B00360DC0</string>
			<key>isa</key>
			<string>PBXBuildFile</string>
		</dict>
		<key>5AA7387B1CE430E20020947F</key>
		<dict>
			<key>fileEncoding</key>
			<string>4</string>
			<key>isa</key>
			<string>PBXFileReference</string>
			<key>lastKnownFileType</key>
			<string>sourcecode.c.h</string>
			<key>path</key>
			<string>JRDB.h</string>
			<key>sourceTree</key>
			<string>&lt;group&gt;</string>
		</dict>
		<key>5AB1BFA71D00115F001595D3</key>
		<dict>
			<key>fileEncoding</key>
			<string>4</string>
			<key>isa</key>
			<string>PBXFileReference</string>
			<key>lastKnownFileType</key>
			<string>sourcecode.c.h</string>
			<key>path</key>
			<string>JRColumnSchema.h</string>
			<key>sourceTree</key>
			<string>&lt;group&gt;</string>
		</dict>
		<key>5AB1BFA81D00115F001595D3</key>
		<dict>
			<key>fileEncoding</key>
			<string>4</string>
			<key>isa</key>
			<string>PBXFileReference</string>
			<key>lastKnownFileType</key>
			<string>sourcecode.c.objc</string>
			<key>path</key>
			<string>JRColumnSchema.m</string>
			<key>sourceTree</key>
			<string>&lt;group&gt;</string>
		</dict>
		<key>5AB1BFA91D00115F001595D3</key>
		<dict>
			<key>fileRef</key>
			<string>5AB1BFA81D00115F001595D3</string>
			<key>isa</key>
			<string>PBXBuildFile</string>
		</dict>
		<key>5AC8B3301CE1DA2500079BC8</key>
		<dict>
			<key>fileEncoding</key>
			<string>4</string>
			<key>isa</key>
			<string>PBXFileReference</string>
			<key>lastKnownFileType</key>
			<string>sourcecode.c.h</string>
			<key>path</key>
			<string>NSObject+JRDB.h</string>
			<key>sourceTree</key>
			<string>&lt;group&gt;</string>
		</dict>
		<key>5AC8B3311CE1DA2500079BC8</key>
		<dict>
			<key>fileEncoding</key>
			<string>4</string>
			<key>isa</key>
			<string>PBXFileReference</string>
			<key>lastKnownFileType</key>
			<string>sourcecode.c.objc</string>
			<key>path</key>
			<string>NSObject+JRDB.m</string>
			<key>sourceTree</key>
			<string>&lt;group&gt;</string>
		</dict>
		<key>5AC8B3321CE1DA2500079BC8</key>
		<dict>
			<key>fileRef</key>
			<string>5AC8B3311CE1DA2500079BC8</string>
			<key>isa</key>
			<string>PBXBuildFile</string>
		</dict>
		<key>5AC8B3361CE1EDA700079BC8</key>
		<dict>
			<key>fileEncoding</key>
			<string>4</string>
			<key>isa</key>
			<string>PBXFileReference</string>
			<key>lastKnownFileType</key>
			<string>sourcecode.c.h</string>
			<key>path</key>
			<string>FMDatabase+JRDB.h</string>
			<key>sourceTree</key>
			<string>&lt;group&gt;</string>
		</dict>
		<key>5AC8B3371CE1EDA700079BC8</key>
		<dict>
			<key>fileEncoding</key>
			<string>4</string>
			<key>isa</key>
			<string>PBXFileReference</string>
			<key>lastKnownFileType</key>
			<string>sourcecode.c.objc</string>
			<key>path</key>
			<string>FMDatabase+JRDB.m</string>
			<key>sourceTree</key>
			<string>&lt;group&gt;</string>
		</dict>
		<key>5AC8B3381CE1EDA700079BC8</key>
		<dict>
			<key>fileRef</key>
			<string>5AC8B3371CE1EDA700079BC8</string>
			<key>isa</key>
			<string>PBXBuildFile</string>
		</dict>
		<key>5ACBEEA41CE1B3A500371E01</key>
		<dict>
			<key>children</key>
			<array>
				<string>5ACBEEAF1CE1B3A500371E01</string>
				<string>5ACBEEC91CE1B3A500371E01</string>
				<string>5ACBEED41CE1B3A500371E01</string>
				<string>5ACBEEAE1CE1B3A500371E01</string>
				<string>7CA91A8643FE10B7BEB6BABF</string>
				<string>E52AF4D43DD3EF3F4B30B919</string>
			</array>
			<key>isa</key>
			<string>PBXGroup</string>
			<key>sourceTree</key>
			<string>&lt;group&gt;</string>
		</dict>
		<key>5ACBEEA51CE1B3A500371E01</key>
		<dict>
			<key>attributes</key>
			<dict>
				<key>LastUpgradeCheck</key>
				<string>0730</string>
				<key>ORGANIZATIONNAME</key>
				<string>Jrwong</string>
				<key>TargetAttributes</key>
				<dict>
					<key>5ACBEEAC1CE1B3A500371E01</key>
					<dict>
						<key>CreatedOnToolsVersion</key>
						<string>7.3</string>
						<key>DevelopmentTeam</key>
						<string>FJ535WN7FW</string>
					</dict>
					<key>5ACBEEC51CE1B3A500371E01</key>
					<dict>
						<key>CreatedOnToolsVersion</key>
						<string>7.3</string>
						<key>DevelopmentTeam</key>
						<string>FJ535WN7FW</string>
						<key>TestTargetID</key>
						<string>5ACBEEAC1CE1B3A500371E01</string>
					</dict>
					<key>5ACBEED01CE1B3A500371E01</key>
					<dict>
						<key>CreatedOnToolsVersion</key>
						<string>7.3</string>
						<key>DevelopmentTeam</key>
						<string>FJ535WN7FW</string>
						<key>TestTargetID</key>
						<string>5ACBEEAC1CE1B3A500371E01</string>
					</dict>
				</dict>
			</dict>
			<key>buildConfigurationList</key>
			<string>5ACBEEA81CE1B3A500371E01</string>
			<key>compatibilityVersion</key>
			<string>Xcode 3.2</string>
			<key>developmentRegion</key>
			<string>English</string>
			<key>hasScannedForEncodings</key>
			<string>0</string>
			<key>isa</key>
			<string>PBXProject</string>
			<key>knownRegions</key>
			<array>
				<string>en</string>
				<string>Base</string>
			</array>
			<key>mainGroup</key>
			<string>5ACBEEA41CE1B3A500371E01</string>
			<key>productRefGroup</key>
			<string>5ACBEEAE1CE1B3A500371E01</string>
			<key>projectDirPath</key>
			<string></string>
			<key>projectReferences</key>
			<array/>
			<key>projectRoot</key>
			<string></string>
			<key>targets</key>
			<array>
				<string>5ACBEEAC1CE1B3A500371E01</string>
				<string>5ACBEEC51CE1B3A500371E01</string>
				<string>5ACBEED01CE1B3A500371E01</string>
			</array>
		</dict>
		<key>5ACBEEA81CE1B3A500371E01</key>
		<dict>
			<key>buildConfigurations</key>
			<array>
				<string>5ACBEED81CE1B3A500371E01</string>
				<string>5ACBEED91CE1B3A500371E01</string>
			</array>
			<key>defaultConfigurationIsVisible</key>
			<string>0</string>
			<key>defaultConfigurationName</key>
			<string>Release</string>
			<key>isa</key>
			<string>XCConfigurationList</string>
		</dict>
		<key>5ACBEEA91CE1B3A500371E01</key>
		<dict>
			<key>buildActionMask</key>
			<string>2147483647</string>
			<key>files</key>
			<array>
				<string>5AD63F271CE1C40F0044ACE6</string>
				<string>5ACBEEE61CE1B65700371E01</string>
				<string>5ACBEEB81CE1B3A500371E01</string>
				<string>5AC8B3381CE1EDA700079BC8</string>
				<string>5AD63F241CE1C2480044ACE6</string>
				<string>5ACBEEB51CE1B3A500371E01</string>
				<string>5AD17B311D3346E000F2B669</string>
				<string>5AA5B3DE1CE2D46900360DC0</string>
				<string>A8ED7A521D01CCA3009ED474</string>
				<string>5ACBEEB21CE1B3A500371E01</string>
				<string>5AB1BFA91D00115F001595D3</string>
				<string>5AA4877F1D38977000B199AE</string>
				<string>5AD17B341D3354BC00F2B669</string>
				<string>5ACBEEEB1CE1B91F00371E01</string>
				<string>5AC8B3321CE1DA2500079BC8</string>
				<string>A8A1B2281D033CDC00886403</string>
				<string>A8A1B2251D033C8C00886403</string>
				<string>5AA5B3E11CE3120B00360DC0</string>
				<string>5A7AED821D05294B000AD4FE</string>
				<string>A80015F71D0EEC29000EA41A</string>
				<string>5AD63F211CE1BE540044ACE6</string>
			</array>
			<key>isa</key>
			<string>PBXSourcesBuildPhase</string>
			<key>runOnlyForDeploymentPostprocessing</key>
			<string>0</string>
		</dict>
		<key>5ACBEEAA1CE1B3A500371E01</key>
		<dict>
			<key>buildActionMask</key>
			<string>2147483647</string>
			<key>files</key>
			<array>
				<string>8A86FCB24D6D09F3F309A296</string>
			</array>
			<key>isa</key>
			<string>PBXFrameworksBuildPhase</string>
			<key>runOnlyForDeploymentPostprocessing</key>
			<string>0</string>
		</dict>
		<key>5ACBEEAB1CE1B3A500371E01</key>
		<dict>
			<key>buildActionMask</key>
			<string>2147483647</string>
			<key>files</key>
			<array>
				<string>5ACBEEC01CE1B3A500371E01</string>
				<string>5ACBEEBD1CE1B3A500371E01</string>
				<string>5ACBEEBB1CE1B3A500371E01</string>
			</array>
			<key>isa</key>
			<string>PBXResourcesBuildPhase</string>
			<key>runOnlyForDeploymentPostprocessing</key>
			<string>0</string>
		</dict>
		<key>5ACBEEAC1CE1B3A500371E01</key>
		<dict>
			<key>buildConfigurationList</key>
			<string>5ACBEEDA1CE1B3A500371E01</string>
			<key>buildPhases</key>
			<array>
				<string>4D95C77DA2CEAACFA4F68C04</string>
				<string>5ACBEEA91CE1B3A500371E01</string>
				<string>5ACBEEAA1CE1B3A500371E01</string>
				<string>5ACBEEAB1CE1B3A500371E01</string>
				<string>1017BC2904B5AEBBF13D8F00</string>
				<string>DC887D4D0B32D846A3E2C57C</string>
			</array>
			<key>buildRules</key>
			<array/>
			<key>dependencies</key>
			<array/>
			<key>isa</key>
			<string>PBXNativeTarget</string>
			<key>name</key>
			<string>JRDB</string>
			<key>productName</key>
			<string>JRDB</string>
			<key>productReference</key>
			<string>5ACBEEAD1CE1B3A500371E01</string>
			<key>productType</key>
			<string>com.apple.product-type.application</string>
		</dict>
		<key>5ACBEEAD1CE1B3A500371E01</key>
		<dict>
			<key>explicitFileType</key>
			<string>wrapper.application</string>
			<key>includeInIndex</key>
			<string>0</string>
			<key>isa</key>
			<string>PBXFileReference</string>
			<key>path</key>
			<string>JRDB.app</string>
			<key>sourceTree</key>
			<string>BUILT_PRODUCTS_DIR</string>
		</dict>
		<key>5ACBEEAE1CE1B3A500371E01</key>
		<dict>
			<key>children</key>
			<array>
				<string>5ACBEEAD1CE1B3A500371E01</string>
				<string>5ACBEEC61CE1B3A500371E01</string>
				<string>5ACBEED11CE1B3A500371E01</string>
			</array>
			<key>isa</key>
			<string>PBXGroup</string>
			<key>name</key>
			<string>Products</string>
			<key>sourceTree</key>
			<string>&lt;group&gt;</string>
		</dict>
		<key>5ACBEEAF1CE1B3A500371E01</key>
		<dict>
			<key>children</key>
			<array>
				<string>5ACBEEE31CE1B3BC00371E01</string>
				<string>5ACBEEB31CE1B3A500371E01</string>
				<string>5ACBEEB41CE1B3A500371E01</string>
				<string>5ACBEEB61CE1B3A500371E01</string>
				<string>5ACBEEB71CE1B3A500371E01</string>
				<string>5ACBEEB91CE1B3A500371E01</string>
				<string>5ACBEEBC1CE1B3A500371E01</string>
				<string>5ACBEEBE1CE1B3A500371E01</string>
				<string>5ACBEEC11CE1B3A500371E01</string>
				<string>5ACBEEB01CE1B3A500371E01</string>
				<string>5AD63F221CE1C2480044ACE6</string>
				<string>5AD63F231CE1C2480044ACE6</string>
				<string>5AD63F261CE1C40F0044ACE6</string>
				<string>5AD63F251CE1C40F0044ACE6</string>
			</array>
			<key>isa</key>
			<string>PBXGroup</string>
			<key>path</key>
			<string>JRDB</string>
			<key>sourceTree</key>
			<string>&lt;group&gt;</string>
		</dict>
		<key>5ACBEEB01CE1B3A500371E01</key>
		<dict>
			<key>children</key>
			<array>
				<string>5ACBEEB11CE1B3A500371E01</string>
			</array>
			<key>isa</key>
			<string>PBXGroup</string>
			<key>name</key>
			<string>Supporting Files</string>
			<key>sourceTree</key>
			<string>&lt;group&gt;</string>
		</dict>
		<key>5ACBEEB11CE1B3A500371E01</key>
		<dict>
			<key>isa</key>
			<string>PBXFileReference</string>
			<key>lastKnownFileType</key>
			<string>sourcecode.c.objc</string>
			<key>path</key>
			<string>main.m</string>
			<key>sourceTree</key>
			<string>&lt;group&gt;</string>
		</dict>
		<key>5ACBEEB21CE1B3A500371E01</key>
		<dict>
			<key>fileRef</key>
			<string>5ACBEEB11CE1B3A500371E01</string>
			<key>isa</key>
			<string>PBXBuildFile</string>
		</dict>
		<key>5ACBEEB31CE1B3A500371E01</key>
		<dict>
			<key>isa</key>
			<string>PBXFileReference</string>
			<key>lastKnownFileType</key>
			<string>sourcecode.c.h</string>
			<key>path</key>
			<string>AppDelegate.h</string>
			<key>sourceTree</key>
			<string>&lt;group&gt;</string>
		</dict>
		<key>5ACBEEB41CE1B3A500371E01</key>
		<dict>
			<key>isa</key>
			<string>PBXFileReference</string>
			<key>lastKnownFileType</key>
			<string>sourcecode.c.objc</string>
			<key>path</key>
			<string>AppDelegate.m</string>
			<key>sourceTree</key>
			<string>&lt;group&gt;</string>
		</dict>
		<key>5ACBEEB51CE1B3A500371E01</key>
		<dict>
			<key>fileRef</key>
			<string>5ACBEEB41CE1B3A500371E01</string>
			<key>isa</key>
			<string>PBXBuildFile</string>
		</dict>
		<key>5ACBEEB61CE1B3A500371E01</key>
		<dict>
			<key>isa</key>
			<string>PBXFileReference</string>
			<key>lastKnownFileType</key>
			<string>sourcecode.c.h</string>
			<key>path</key>
			<string>ViewController.h</string>
			<key>sourceTree</key>
			<string>&lt;group&gt;</string>
		</dict>
		<key>5ACBEEB71CE1B3A500371E01</key>
		<dict>
			<key>isa</key>
			<string>PBXFileReference</string>
			<key>lastKnownFileType</key>
			<string>sourcecode.c.objc</string>
			<key>path</key>
			<string>ViewController.m</string>
			<key>sourceTree</key>
			<string>&lt;group&gt;</string>
		</dict>
		<key>5ACBEEB81CE1B3A500371E01</key>
		<dict>
			<key>fileRef</key>
			<string>5ACBEEB71CE1B3A500371E01</string>
			<key>isa</key>
			<string>PBXBuildFile</string>
		</dict>
		<key>5ACBEEB91CE1B3A500371E01</key>
		<dict>
			<key>children</key>
			<array>
				<string>5ACBEEBA1CE1B3A500371E01</string>
			</array>
			<key>isa</key>
			<string>PBXVariantGroup</string>
			<key>name</key>
			<string>Main.storyboard</string>
			<key>sourceTree</key>
			<string>&lt;group&gt;</string>
		</dict>
		<key>5ACBEEBA1CE1B3A500371E01</key>
		<dict>
			<key>isa</key>
			<string>PBXFileReference</string>
			<key>lastKnownFileType</key>
			<string>file.storyboard</string>
			<key>name</key>
			<string>Base</string>
			<key>path</key>
			<string>Base.lproj/Main.storyboard</string>
			<key>sourceTree</key>
			<string>&lt;group&gt;</string>
		</dict>
		<key>5ACBEEBB1CE1B3A500371E01</key>
		<dict>
			<key>fileRef</key>
			<string>5ACBEEB91CE1B3A500371E01</string>
			<key>isa</key>
			<string>PBXBuildFile</string>
		</dict>
		<key>5ACBEEBC1CE1B3A500371E01</key>
		<dict>
			<key>isa</key>
			<string>PBXFileReference</string>
			<key>lastKnownFileType</key>
			<string>folder.assetcatalog</string>
			<key>path</key>
			<string>Assets.xcassets</string>
			<key>sourceTree</key>
			<string>&lt;group&gt;</string>
		</dict>
		<key>5ACBEEBD1CE1B3A500371E01</key>
		<dict>
			<key>fileRef</key>
			<string>5ACBEEBC1CE1B3A500371E01</string>
			<key>isa</key>
			<string>PBXBuildFile</string>
		</dict>
		<key>5ACBEEBE1CE1B3A500371E01</key>
		<dict>
			<key>children</key>
			<array>
				<string>5ACBEEBF1CE1B3A500371E01</string>
			</array>
			<key>isa</key>
			<string>PBXVariantGroup</string>
			<key>name</key>
			<string>LaunchScreen.storyboard</string>
			<key>sourceTree</key>
			<string>&lt;group&gt;</string>
		</dict>
		<key>5ACBEEBF1CE1B3A500371E01</key>
		<dict>
			<key>isa</key>
			<string>PBXFileReference</string>
			<key>lastKnownFileType</key>
			<string>file.storyboard</string>
			<key>name</key>
			<string>Base</string>
			<key>path</key>
			<string>Base.lproj/LaunchScreen.storyboard</string>
			<key>sourceTree</key>
			<string>&lt;group&gt;</string>
		</dict>
		<key>5ACBEEC01CE1B3A500371E01</key>
		<dict>
			<key>fileRef</key>
			<string>5ACBEEBE1CE1B3A500371E01</string>
			<key>isa</key>
			<string>PBXBuildFile</string>
		</dict>
		<key>5ACBEEC11CE1B3A500371E01</key>
		<dict>
			<key>isa</key>
			<string>PBXFileReference</string>
			<key>lastKnownFileType</key>
			<string>text.plist.xml</string>
			<key>path</key>
			<string>Info.plist</string>
			<key>sourceTree</key>
			<string>&lt;group&gt;</string>
		</dict>
		<key>5ACBEEC21CE1B3A500371E01</key>
		<dict>
			<key>buildActionMask</key>
			<string>2147483647</string>
			<key>files</key>
			<array>
				<string>5AA3DB331D067DD800795E80</string>
				<string>5ACBEECB1CE1B3A500371E01</string>
				<string>5AE115421D364ED400886657</string>
			</array>
			<key>isa</key>
			<string>PBXSourcesBuildPhase</string>
			<key>runOnlyForDeploymentPostprocessing</key>
			<string>0</string>
		</dict>
		<key>5ACBEEC31CE1B3A500371E01</key>
		<dict>
			<key>buildActionMask</key>
			<string>2147483647</string>
			<key>files</key>
			<array>
				<string>D72B30D0F797691BF09EB0E7</string>
			</array>
			<key>isa</key>
			<string>PBXFrameworksBuildPhase</string>
			<key>runOnlyForDeploymentPostprocessing</key>
			<string>0</string>
		</dict>
		<key>5ACBEEC41CE1B3A500371E01</key>
		<dict>
			<key>buildActionMask</key>
			<string>2147483647</string>
			<key>files</key>
			<array/>
			<key>isa</key>
			<string>PBXResourcesBuildPhase</string>
			<key>runOnlyForDeploymentPostprocessing</key>
			<string>0</string>
		</dict>
		<key>5ACBEEC51CE1B3A500371E01</key>
		<dict>
			<key>buildConfigurationList</key>
			<string>5ACBEEDD1CE1B3A500371E01</string>
			<key>buildPhases</key>
			<array>
				<string>49BD165359DBF35CDF58A6C7</string>
				<string>5ACBEEC21CE1B3A500371E01</string>
				<string>5ACBEEC31CE1B3A500371E01</string>
				<string>5ACBEEC41CE1B3A500371E01</string>
				<string>3ECF68302CCB325E34EC7C96</string>
				<string>81A194F145AF441E17083A32</string>
			</array>
			<key>buildRules</key>
			<array/>
			<key>dependencies</key>
			<array>
				<string>5ACBEEC81CE1B3A500371E01</string>
			</array>
			<key>isa</key>
			<string>PBXNativeTarget</string>
			<key>name</key>
			<string>JRDBTests</string>
			<key>productName</key>
			<string>JRDBTests</string>
			<key>productReference</key>
			<string>5ACBEEC61CE1B3A500371E01</string>
			<key>productType</key>
			<string>com.apple.product-type.bundle.unit-test</string>
		</dict>
		<key>5ACBEEC61CE1B3A500371E01</key>
		<dict>
			<key>explicitFileType</key>
			<string>wrapper.cfbundle</string>
			<key>includeInIndex</key>
			<string>0</string>
			<key>isa</key>
			<string>PBXFileReference</string>
			<key>path</key>
			<string>JRDBTests.xctest</string>
			<key>sourceTree</key>
			<string>BUILT_PRODUCTS_DIR</string>
		</dict>
		<key>5ACBEEC71CE1B3A500371E01</key>
		<dict>
			<key>containerPortal</key>
			<string>5ACBEEA51CE1B3A500371E01</string>
			<key>isa</key>
			<string>PBXContainerItemProxy</string>
			<key>proxyType</key>
			<string>1</string>
			<key>remoteGlobalIDString</key>
			<string>5ACBEEAC1CE1B3A500371E01</string>
			<key>remoteInfo</key>
			<string>JRDB</string>
		</dict>
		<key>5ACBEEC81CE1B3A500371E01</key>
		<dict>
			<key>isa</key>
			<string>PBXTargetDependency</string>
			<key>target</key>
			<string>5ACBEEAC1CE1B3A500371E01</string>
			<key>targetProxy</key>
			<string>5ACBEEC71CE1B3A500371E01</string>
		</dict>
		<key>5ACBEEC91CE1B3A500371E01</key>
		<dict>
			<key>children</key>
			<array>
				<string>5AE115411D364ED400886657</string>
				<string>5ACBEECA1CE1B3A500371E01</string>
				<string>5AA3DB321D067DD800795E80</string>
				<string>5ACBEECC1CE1B3A500371E01</string>
			</array>
			<key>isa</key>
			<string>PBXGroup</string>
			<key>path</key>
			<string>JRDBTests</string>
			<key>sourceTree</key>
			<string>&lt;group&gt;</string>
		</dict>
		<key>5ACBEECA1CE1B3A500371E01</key>
		<dict>
			<key>isa</key>
			<string>PBXFileReference</string>
			<key>lastKnownFileType</key>
			<string>sourcecode.c.objc</string>
			<key>path</key>
			<string>JRDBTests.m</string>
			<key>sourceTree</key>
			<string>&lt;group&gt;</string>
		</dict>
		<key>5ACBEECB1CE1B3A500371E01</key>
		<dict>
			<key>fileRef</key>
			<string>5ACBEECA1CE1B3A500371E01</string>
			<key>isa</key>
			<string>PBXBuildFile</string>
		</dict>
		<key>5ACBEECC1CE1B3A500371E01</key>
		<dict>
			<key>isa</key>
			<string>PBXFileReference</string>
			<key>lastKnownFileType</key>
			<string>text.plist.xml</string>
			<key>path</key>
			<string>Info.plist</string>
			<key>sourceTree</key>
			<string>&lt;group&gt;</string>
		</dict>
		<key>5ACBEECD1CE1B3A500371E01</key>
		<dict>
			<key>buildActionMask</key>
			<string>2147483647</string>
			<key>files</key>
			<array>
				<string>5ACBEED61CE1B3A500371E01</string>
			</array>
			<key>isa</key>
			<string>PBXSourcesBuildPhase</string>
			<key>runOnlyForDeploymentPostprocessing</key>
			<string>0</string>
		</dict>
		<key>5ACBEECE1CE1B3A500371E01</key>
		<dict>
			<key>buildActionMask</key>
			<string>2147483647</string>
			<key>files</key>
			<array/>
			<key>isa</key>
			<string>PBXFrameworksBuildPhase</string>
			<key>runOnlyForDeploymentPostprocessing</key>
			<string>0</string>
		</dict>
		<key>5ACBEECF1CE1B3A500371E01</key>
		<dict>
			<key>buildActionMask</key>
			<string>2147483647</string>
			<key>files</key>
			<array/>
			<key>isa</key>
			<string>PBXResourcesBuildPhase</string>
			<key>runOnlyForDeploymentPostprocessing</key>
			<string>0</string>
		</dict>
		<key>5ACBEED01CE1B3A500371E01</key>
		<dict>
			<key>buildConfigurationList</key>
			<string>5ACBEEE01CE1B3A500371E01</string>
			<key>buildPhases</key>
			<array>
				<string>5ACBEECD1CE1B3A500371E01</string>
				<string>5ACBEECE1CE1B3A500371E01</string>
				<string>5ACBEECF1CE1B3A500371E01</string>
			</array>
			<key>buildRules</key>
			<array/>
			<key>dependencies</key>
			<array>
				<string>5ACBEED31CE1B3A500371E01</string>
			</array>
			<key>isa</key>
			<string>PBXNativeTarget</string>
			<key>name</key>
			<string>JRDBUITests</string>
			<key>productName</key>
			<string>JRDBUITests</string>
			<key>productReference</key>
			<string>5ACBEED11CE1B3A500371E01</string>
			<key>productType</key>
			<string>com.apple.product-type.bundle.ui-testing</string>
		</dict>
		<key>5ACBEED11CE1B3A500371E01</key>
		<dict>
			<key>explicitFileType</key>
			<string>wrapper.cfbundle</string>
			<key>includeInIndex</key>
			<string>0</string>
			<key>isa</key>
			<string>PBXFileReference</string>
			<key>path</key>
			<string>JRDBUITests.xctest</string>
			<key>sourceTree</key>
			<string>BUILT_PRODUCTS_DIR</string>
		</dict>
		<key>5ACBEED21CE1B3A500371E01</key>
		<dict>
			<key>containerPortal</key>
			<string>5ACBEEA51CE1B3A500371E01</string>
			<key>isa</key>
			<string>PBXContainerItemProxy</string>
			<key>proxyType</key>
			<string>1</string>
			<key>remoteGlobalIDString</key>
			<string>5ACBEEAC1CE1B3A500371E01</string>
			<key>remoteInfo</key>
			<string>JRDB</string>
		</dict>
		<key>5ACBEED31CE1B3A500371E01</key>
		<dict>
			<key>isa</key>
			<string>PBXTargetDependency</string>
			<key>target</key>
			<string>5ACBEEAC1CE1B3A500371E01</string>
			<key>targetProxy</key>
			<string>5ACBEED21CE1B3A500371E01</string>
		</dict>
		<key>5ACBEED41CE1B3A500371E01</key>
		<dict>
			<key>children</key>
			<array>
				<string>5ACBEED51CE1B3A500371E01</string>
				<string>5ACBEED71CE1B3A500371E01</string>
			</array>
			<key>isa</key>
			<string>PBXGroup</string>
			<key>path</key>
			<string>JRDBUITests</string>
			<key>sourceTree</key>
			<string>&lt;group&gt;</string>
		</dict>
		<key>5ACBEED51CE1B3A500371E01</key>
		<dict>
			<key>isa</key>
			<string>PBXFileReference</string>
			<key>lastKnownFileType</key>
			<string>sourcecode.c.objc</string>
			<key>path</key>
			<string>JRDBUITests.m</string>
			<key>sourceTree</key>
			<string>&lt;group&gt;</string>
		</dict>
		<key>5ACBEED61CE1B3A500371E01</key>
		<dict>
			<key>fileRef</key>
			<string>5ACBEED51CE1B3A500371E01</string>
			<key>isa</key>
			<string>PBXBuildFile</string>
		</dict>
		<key>5ACBEED71CE1B3A500371E01</key>
		<dict>
			<key>isa</key>
			<string>PBXFileReference</string>
			<key>lastKnownFileType</key>
			<string>text.plist.xml</string>
			<key>path</key>
			<string>Info.plist</string>
			<key>sourceTree</key>
			<string>&lt;group&gt;</string>
		</dict>
		<key>5ACBEED81CE1B3A500371E01</key>
		<dict>
			<key>buildSettings</key>
			<dict>
				<key>ALWAYS_SEARCH_USER_PATHS</key>
				<string>NO</string>
				<key>CLANG_ANALYZER_NONNULL</key>
				<string>YES</string>
				<key>CLANG_CXX_LANGUAGE_STANDARD</key>
				<string>gnu++0x</string>
				<key>CLANG_CXX_LIBRARY</key>
				<string>libc++</string>
				<key>CLANG_ENABLE_MODULES</key>
				<string>YES</string>
				<key>CLANG_ENABLE_OBJC_ARC</key>
				<string>YES</string>
				<key>CLANG_WARN_BOOL_CONVERSION</key>
				<string>YES</string>
				<key>CLANG_WARN_CONSTANT_CONVERSION</key>
				<string>YES</string>
				<key>CLANG_WARN_DIRECT_OBJC_ISA_USAGE</key>
				<string>YES_ERROR</string>
				<key>CLANG_WARN_EMPTY_BODY</key>
				<string>YES</string>
				<key>CLANG_WARN_ENUM_CONVERSION</key>
				<string>YES</string>
				<key>CLANG_WARN_INT_CONVERSION</key>
				<string>YES</string>
				<key>CLANG_WARN_OBJC_ROOT_CLASS</key>
				<string>YES_ERROR</string>
				<key>CLANG_WARN_UNREACHABLE_CODE</key>
				<string>YES</string>
				<key>CLANG_WARN__DUPLICATE_METHOD_MATCH</key>
				<string>YES</string>
				<key>CODE_SIGN_IDENTITY[sdk=iphoneos*]</key>
				<string>iPhone Developer</string>
				<key>COPY_PHASE_STRIP</key>
				<string>NO</string>
				<key>DEBUG_INFORMATION_FORMAT</key>
				<string>dwarf</string>
				<key>ENABLE_STRICT_OBJC_MSGSEND</key>
				<string>YES</string>
				<key>ENABLE_TESTABILITY</key>
				<string>YES</string>
				<key>GCC_C_LANGUAGE_STANDARD</key>
				<string>gnu99</string>
				<key>GCC_DYNAMIC_NO_PIC</key>
				<string>NO</string>
				<key>GCC_NO_COMMON_BLOCKS</key>
				<string>YES</string>
				<key>GCC_OPTIMIZATION_LEVEL</key>
				<string>0</string>
				<key>GCC_PREPROCESSOR_DEFINITIONS</key>
				<array>
					<string>DEBUG=1</string>
					<string>$(inherited)</string>
				</array>
				<key>GCC_WARN_64_TO_32_BIT_CONVERSION</key>
				<string>YES</string>
				<key>GCC_WARN_ABOUT_RETURN_TYPE</key>
				<string>YES_ERROR</string>
				<key>GCC_WARN_UNDECLARED_SELECTOR</key>
				<string>YES</string>
				<key>GCC_WARN_UNINITIALIZED_AUTOS</key>
				<string>YES_AGGRESSIVE</string>
				<key>GCC_WARN_UNUSED_FUNCTION</key>
				<string>YES</string>
				<key>GCC_WARN_UNUSED_VARIABLE</key>
				<string>YES</string>
				<key>IPHONEOS_DEPLOYMENT_TARGET</key>
				<string>9.3</string>
				<key>MTL_ENABLE_DEBUG_INFO</key>
				<string>YES</string>
				<key>ONLY_ACTIVE_ARCH</key>
				<string>YES</string>
				<key>SDKROOT</key>
				<string>iphoneos</string>
			</dict>
			<key>isa</key>
			<string>XCBuildConfiguration</string>
			<key>name</key>
			<string>Debug</string>
		</dict>
		<key>5ACBEED91CE1B3A500371E01</key>
		<dict>
			<key>buildSettings</key>
			<dict>
				<key>ALWAYS_SEARCH_USER_PATHS</key>
				<string>NO</string>
				<key>CLANG_ANALYZER_NONNULL</key>
				<string>YES</string>
				<key>CLANG_CXX_LANGUAGE_STANDARD</key>
				<string>gnu++0x</string>
				<key>CLANG_CXX_LIBRARY</key>
				<string>libc++</string>
				<key>CLANG_ENABLE_MODULES</key>
				<string>YES</string>
				<key>CLANG_ENABLE_OBJC_ARC</key>
				<string>YES</string>
				<key>CLANG_WARN_BOOL_CONVERSION</key>
				<string>YES</string>
				<key>CLANG_WARN_CONSTANT_CONVERSION</key>
				<string>YES</string>
				<key>CLANG_WARN_DIRECT_OBJC_ISA_USAGE</key>
				<string>YES_ERROR</string>
				<key>CLANG_WARN_EMPTY_BODY</key>
				<string>YES</string>
				<key>CLANG_WARN_ENUM_CONVERSION</key>
				<string>YES</string>
				<key>CLANG_WARN_INT_CONVERSION</key>
				<string>YES</string>
				<key>CLANG_WARN_OBJC_ROOT_CLASS</key>
				<string>YES_ERROR</string>
				<key>CLANG_WARN_UNREACHABLE_CODE</key>
				<string>YES</string>
				<key>CLANG_WARN__DUPLICATE_METHOD_MATCH</key>
				<string>YES</string>
				<key>CODE_SIGN_IDENTITY[sdk=iphoneos*]</key>
				<string>iPhone Developer</string>
				<key>COPY_PHASE_STRIP</key>
				<string>NO</string>
				<key>DEBUG_INFORMATION_FORMAT</key>
				<string>dwarf-with-dsym</string>
				<key>ENABLE_NS_ASSERTIONS</key>
				<string>NO</string>
				<key>ENABLE_STRICT_OBJC_MSGSEND</key>
				<string>YES</string>
				<key>GCC_C_LANGUAGE_STANDARD</key>
				<string>gnu99</string>
				<key>GCC_NO_COMMON_BLOCKS</key>
				<string>YES</string>
				<key>GCC_WARN_64_TO_32_BIT_CONVERSION</key>
				<string>YES</string>
				<key>GCC_WARN_ABOUT_RETURN_TYPE</key>
				<string>YES_ERROR</string>
				<key>GCC_WARN_UNDECLARED_SELECTOR</key>
				<string>YES</string>
				<key>GCC_WARN_UNINITIALIZED_AUTOS</key>
				<string>YES_AGGRESSIVE</string>
				<key>GCC_WARN_UNUSED_FUNCTION</key>
				<string>YES</string>
				<key>GCC_WARN_UNUSED_VARIABLE</key>
				<string>YES</string>
				<key>IPHONEOS_DEPLOYMENT_TARGET</key>
				<string>9.3</string>
				<key>MTL_ENABLE_DEBUG_INFO</key>
				<string>NO</string>
				<key>SDKROOT</key>
				<string>iphoneos</string>
				<key>VALIDATE_PRODUCT</key>
				<string>YES</string>
			</dict>
			<key>isa</key>
			<string>XCBuildConfiguration</string>
			<key>name</key>
			<string>Release</string>
		</dict>
		<key>5ACBEEDA1CE1B3A500371E01</key>
		<dict>
			<key>buildConfigurations</key>
			<array>
				<string>5ACBEEDB1CE1B3A500371E01</string>
				<string>5ACBEEDC1CE1B3A500371E01</string>
			</array>
			<key>defaultConfigurationIsVisible</key>
			<string>0</string>
			<key>defaultConfigurationName</key>
			<string>Release</string>
			<key>isa</key>
			<string>XCConfigurationList</string>
		</dict>
		<key>5ACBEEDB1CE1B3A500371E01</key>
		<dict>
			<key>baseConfigurationReference</key>
			<string>16D9BC35A452ABED0FB7879A</string>
			<key>buildSettings</key>
			<dict>
				<key>ASSETCATALOG_COMPILER_APPICON_NAME</key>
				<string>AppIcon</string>
				<key>CLANG_ENABLE_MODULES</key>
				<string>YES</string>
				<key>CODE_SIGN_IDENTITY</key>
				<string>iPhone Developer</string>
				<key>GCC_PRECOMPILE_PREFIX_HEADER</key>
				<string>NO</string>
				<key>GCC_PREFIX_HEADER</key>
				<string></string>
				<key>GCC_PREPROCESSOR_DEFINITIONS</key>
				<array>
					<string>$(inherited)</string>
					<string>COCOAPODS=1</string>
					<string>JR_DEBUG=1</string>
				</array>
				<key>INFOPLIST_FILE</key>
				<string>JRDB/Info.plist</string>
				<key>IPHONEOS_DEPLOYMENT_TARGET</key>
				<string>9.3</string>
				<key>LD_RUNPATH_SEARCH_PATHS</key>
				<string>$(inherited) @executable_path/Frameworks</string>
				<key>PRODUCT_BUNDLE_IDENTIFIER</key>
				<string>jrwong.abc</string>
				<key>PRODUCT_NAME</key>
				<string>$(TARGET_NAME)</string>
				<key>SWIFT_OBJC_BRIDGING_HEADER</key>
				<string>JRDB/JRDB-Bridging-Header.h</string>
				<key>SWIFT_OPTIMIZATION_LEVEL</key>
				<string>-Onone</string>
			</dict>
			<key>isa</key>
			<string>XCBuildConfiguration</string>
			<key>name</key>
			<string>Debug</string>
		</dict>
		<key>5ACBEEDC1CE1B3A500371E01</key>
		<dict>
			<key>baseConfigurationReference</key>
			<string>2C94FB217DD9C61722850B3C</string>
			<key>buildSettings</key>
			<dict>
				<key>ASSETCATALOG_COMPILER_APPICON_NAME</key>
				<string>AppIcon</string>
				<key>CLANG_ENABLE_MODULES</key>
				<string>YES</string>
				<key>CODE_SIGN_IDENTITY</key>
				<string>iPhone Developer</string>
				<key>GCC_PRECOMPILE_PREFIX_HEADER</key>
				<string>NO</string>
				<key>GCC_PREFIX_HEADER</key>
				<string></string>
				<key>INFOPLIST_FILE</key>
				<string>JRDB/Info.plist</string>
				<key>IPHONEOS_DEPLOYMENT_TARGET</key>
				<string>9.3</string>
				<key>LD_RUNPATH_SEARCH_PATHS</key>
				<string>$(inherited) @executable_path/Frameworks</string>
				<key>PRODUCT_BUNDLE_IDENTIFIER</key>
				<string>jrwong.abc</string>
				<key>PRODUCT_NAME</key>
				<string>$(TARGET_NAME)</string>
				<key>SWIFT_OBJC_BRIDGING_HEADER</key>
				<string>JRDB/JRDB-Bridging-Header.h</string>
			</dict>
			<key>isa</key>
			<string>XCBuildConfiguration</string>
			<key>name</key>
			<string>Release</string>
		</dict>
		<key>5ACBEEDD1CE1B3A500371E01</key>
		<dict>
			<key>buildConfigurations</key>
			<array>
				<string>5ACBEEDE1CE1B3A500371E01</string>
				<string>5ACBEEDF1CE1B3A500371E01</string>
			</array>
			<key>defaultConfigurationIsVisible</key>
			<string>0</string>
			<key>defaultConfigurationName</key>
			<string>Release</string>
			<key>isa</key>
			<string>XCConfigurationList</string>
		</dict>
		<key>5ACBEEDE1CE1B3A500371E01</key>
		<dict>
			<key>baseConfigurationReference</key>
			<string>16D9BC35A452ABED0FB7879A</string>
			<key>buildSettings</key>
			<dict>
				<key>BUNDLE_LOADER</key>
				<string>$(TEST_HOST)</string>
				<key>CLANG_ENABLE_MODULES</key>
				<string>YES</string>
				<key>GCC_PRECOMPILE_PREFIX_HEADER</key>
				<string>NO</string>
				<key>GCC_PREFIX_HEADER</key>
				<string></string>
				<key>GCC_PREPROCESSOR_DEFINITIONS</key>
				<array>
					<string>DEBUG=1</string>
					<string>$(inherited)</string>
					<string>JR_DEBUG=1</string>
				</array>
				<key>INFOPLIST_FILE</key>
				<string>JRDBTests/Info.plist</string>
				<key>LD_RUNPATH_SEARCH_PATHS</key>
				<string>$(inherited) @executable_path/Frameworks @loader_path/Frameworks</string>
				<key>PRODUCT_BUNDLE_IDENTIFIER</key>
				<string>jrwong.abc.JRDBTests</string>
				<key>PRODUCT_NAME</key>
				<string>$(TARGET_NAME)</string>
				<key>SWIFT_OBJC_BRIDGING_HEADER</key>
				<string>JRDBTests/JRDBTests-Bridging-Header.h</string>
				<key>SWIFT_OPTIMIZATION_LEVEL</key>
				<string>-Onone</string>
				<key>TEST_HOST</key>
				<string>$(BUILT_PRODUCTS_DIR)/JRDB.app/JRDB</string>
			</dict>
			<key>isa</key>
			<string>XCBuildConfiguration</string>
			<key>name</key>
			<string>Debug</string>
		</dict>
		<key>5ACBEEDF1CE1B3A500371E01</key>
		<dict>
			<key>baseConfigurationReference</key>
			<string>2C94FB217DD9C61722850B3C</string>
			<key>buildSettings</key>
			<dict>
				<key>BUNDLE_LOADER</key>
				<string>$(TEST_HOST)</string>
				<key>CLANG_ENABLE_MODULES</key>
				<string>YES</string>
				<key>GCC_PRECOMPILE_PREFIX_HEADER</key>
				<string>NO</string>
				<key>GCC_PREFIX_HEADER</key>
				<string></string>
				<key>INFOPLIST_FILE</key>
				<string>JRDBTests/Info.plist</string>
				<key>LD_RUNPATH_SEARCH_PATHS</key>
				<string>$(inherited) @executable_path/Frameworks @loader_path/Frameworks</string>
				<key>PRODUCT_BUNDLE_IDENTIFIER</key>
				<string>jrwong.abc.JRDBTests</string>
				<key>PRODUCT_NAME</key>
				<string>$(TARGET_NAME)</string>
				<key>SWIFT_OBJC_BRIDGING_HEADER</key>
				<string>JRDBTests/JRDBTests-Bridging-Header.h</string>
				<key>TEST_HOST</key>
				<string>$(BUILT_PRODUCTS_DIR)/JRDB.app/JRDB</string>
			</dict>
			<key>isa</key>
			<string>XCBuildConfiguration</string>
			<key>name</key>
			<string>Release</string>
		</dict>
		<key>5ACBEEE01CE1B3A500371E01</key>
		<dict>
			<key>buildConfigurations</key>
			<array>
				<string>5ACBEEE11CE1B3A500371E01</string>
				<string>5ACBEEE21CE1B3A500371E01</string>
			</array>
			<key>defaultConfigurationIsVisible</key>
			<string>0</string>
			<key>defaultConfigurationName</key>
			<string>Release</string>
			<key>isa</key>
			<string>XCConfigurationList</string>
		</dict>
		<key>5ACBEEE11CE1B3A500371E01</key>
		<dict>
			<key>buildSettings</key>
			<dict>
				<key>INFOPLIST_FILE</key>
				<string>JRDBUITests/Info.plist</string>
				<key>LD_RUNPATH_SEARCH_PATHS</key>
				<string>$(inherited) @executable_path/Frameworks @loader_path/Frameworks</string>
				<key>PRODUCT_BUNDLE_IDENTIFIER</key>
				<string>jrwong.abc.JRDBUITests</string>
				<key>PRODUCT_NAME</key>
				<string>$(TARGET_NAME)</string>
				<key>TEST_TARGET_NAME</key>
				<string>JRDB</string>
			</dict>
			<key>isa</key>
			<string>XCBuildConfiguration</string>
			<key>name</key>
			<string>Debug</string>
		</dict>
		<key>5ACBEEE21CE1B3A500371E01</key>
		<dict>
			<key>buildSettings</key>
			<dict>
				<key>INFOPLIST_FILE</key>
				<string>JRDBUITests/Info.plist</string>
				<key>LD_RUNPATH_SEARCH_PATHS</key>
				<string>$(inherited) @executable_path/Frameworks @loader_path/Frameworks</string>
				<key>PRODUCT_BUNDLE_IDENTIFIER</key>
				<string>jrwong.abc.JRDBUITests</string>
				<key>PRODUCT_NAME</key>
				<string>$(TARGET_NAME)</string>
				<key>TEST_TARGET_NAME</key>
				<string>JRDB</string>
			</dict>
			<key>isa</key>
			<string>XCBuildConfiguration</string>
			<key>name</key>
			<string>Release</string>
		</dict>
		<key>5ACBEEE31CE1B3BC00371E01</key>
		<dict>
			<key>children</key>
			<array>
				<string>5AA7387B1CE430E20020947F</string>
				<string>A8A1B22C1D03D29900886403</string>
				<string>A8A1B2231D033C8C00886403</string>
				<string>A8A1B2241D033C8C00886403</string>
				<string>A8A1B2261D033CDC00886403</string>
				<string>A8A1B2271D033CDC00886403</string>
				<string>5ACBEEE81CE1B8B800371E01</string>
				<string>5ACBEEE41CE1B65700371E01</string>
				<string>5ACBEEE51CE1B65700371E01</string>
				<string>A80015F51D0EEC29000EA41A</string>
				<string>A80015F61D0EEC29000EA41A</string>
				<string>5AD63F1F1CE1BE540044ACE6</string>
				<string>5AD63F201CE1BE540044ACE6</string>
				<string>5ACBEEE91CE1B91F00371E01</string>
				<string>5ACBEEEA1CE1B91F00371E01</string>
				<string>5AC8B3301CE1DA2500079BC8</string>
				<string>5AC8B3311CE1DA2500079BC8</string>
				<string>5AC8B3361CE1EDA700079BC8</string>
				<string>5AC8B3371CE1EDA700079BC8</string>
				<string>5AD17B2F1D3346E000F2B669</string>
				<string>5AD17B301D3346E000F2B669</string>
				<string>5AD17B321D3354BC00F2B669</string>
				<string>5AD17B331D3354BC00F2B669</string>
				<string>5AA5B3DC1CE2D46900360DC0</string>
				<string>5AA5B3DD1CE2D46900360DC0</string>
				<string>5AA5B3DF1CE3120B00360DC0</string>
				<string>5AA5B3E01CE3120B00360DC0</string>
				<string>5AB1BFA71D00115F001595D3</string>
				<string>5AB1BFA81D00115F001595D3</string>
				<string>A8ED7A501D01CCA3009ED474</string>
				<string>A8ED7A511D01CCA3009ED474</string>
				<string>5A7AED801D05294B000AD4FE</string>
				<string>5A7AED811D05294B000AD4FE</string>
				<string>5AA4877D1D38977000B199AE</string>
				<string>5AA4877E1D38977000B199AE</string>
			</array>
			<key>isa</key>
			<string>PBXGroup</string>
			<key>path</key>
			<string>JRDB</string>
			<key>sourceTree</key>
			<string>&lt;group&gt;</string>
		</dict>
		<key>5ACBEEE41CE1B65700371E01</key>
		<dict>
			<key>fileEncoding</key>
			<string>4</string>
			<key>isa</key>
			<string>PBXFileReference</string>
			<key>lastKnownFileType</key>
			<string>sourcecode.c.h</string>
			<key>path</key>
			<string>JRDBMgr.h</string>
			<key>sourceTree</key>
			<string>&lt;group&gt;</string>
		</dict>
		<key>5ACBEEE51CE1B65700371E01</key>
		<dict>
			<key>fileEncoding</key>
			<string>4</string>
			<key>isa</key>
			<string>PBXFileReference</string>
			<key>lastKnownFileType</key>
			<string>sourcecode.c.objc</string>
			<key>path</key>
			<string>JRDBMgr.m</string>
			<key>sourceTree</key>
			<string>&lt;group&gt;</string>
		</dict>
		<key>5ACBEEE61CE1B65700371E01</key>
		<dict>
			<key>fileRef</key>
			<string>5ACBEEE51CE1B65700371E01</string>
			<key>isa</key>
			<string>PBXBuildFile</string>
		</dict>
		<key>5ACBEEE81CE1B8B800371E01</key>
		<dict>
			<key>fileEncoding</key>
			<string>4</string>
			<key>isa</key>
			<string>PBXFileReference</string>
			<key>lastKnownFileType</key>
			<string>sourcecode.c.h</string>
			<key>path</key>
			<string>JRPersistent.h</string>
			<key>sourceTree</key>
			<string>&lt;group&gt;</string>
		</dict>
		<key>5ACBEEE91CE1B91F00371E01</key>
		<dict>
			<key>fileEncoding</key>
			<string>4</string>
			<key>isa</key>
			<string>PBXFileReference</string>
			<key>lastKnownFileType</key>
			<string>sourcecode.c.h</string>
			<key>path</key>
			<string>JRSqlGenerator.h</string>
			<key>sourceTree</key>
			<string>&lt;group&gt;</string>
		</dict>
		<key>5ACBEEEA1CE1B91F00371E01</key>
		<dict>
			<key>fileEncoding</key>
			<string>4</string>
			<key>isa</key>
			<string>PBXFileReference</string>
			<key>lastKnownFileType</key>
			<string>sourcecode.c.objc</string>
			<key>path</key>
			<string>JRSqlGenerator.m</string>
			<key>sourceTree</key>
			<string>&lt;group&gt;</string>
		</dict>
		<key>5ACBEEEB1CE1B91F00371E01</key>
		<dict>
			<key>fileRef</key>
			<string>5ACBEEEA1CE1B91F00371E01</string>
			<key>isa</key>
			<string>PBXBuildFile</string>
		</dict>
		<key>5AD17B2F1D3346E000F2B669</key>
		<dict>
			<key>fileEncoding</key>
			<string>4</string>
			<key>isa</key>
			<string>PBXFileReference</string>
			<key>lastKnownFileType</key>
			<string>sourcecode.c.h</string>
			<key>path</key>
			<string>FMDatabase+Chain.h</string>
			<key>sourceTree</key>
			<string>&lt;group&gt;</string>
		</dict>
		<key>5AD17B301D3346E000F2B669</key>
		<dict>
			<key>fileEncoding</key>
			<string>4</string>
			<key>isa</key>
			<string>PBXFileReference</string>
			<key>lastKnownFileType</key>
			<string>sourcecode.c.objc</string>
			<key>path</key>
			<string>FMDatabase+Chain.m</string>
			<key>sourceTree</key>
			<string>&lt;group&gt;</string>
		</dict>
		<key>5AD17B311D3346E000F2B669</key>
		<dict>
			<key>fileRef</key>
			<string>5AD17B301D3346E000F2B669</string>
			<key>isa</key>
			<string>PBXBuildFile</string>
		</dict>
		<key>5AD17B321D3354BC00F2B669</key>
		<dict>
			<key>fileEncoding</key>
			<string>4</string>
			<key>isa</key>
			<string>PBXFileReference</string>
			<key>lastKnownFileType</key>
			<string>sourcecode.c.h</string>
			<key>path</key>
			<string>JRDBChain.h</string>
			<key>sourceTree</key>
			<string>&lt;group&gt;</string>
		</dict>
		<key>5AD17B331D3354BC00F2B669</key>
		<dict>
			<key>fileEncoding</key>
			<string>4</string>
			<key>isa</key>
			<string>PBXFileReference</string>
			<key>lastKnownFileType</key>
			<string>sourcecode.c.objc</string>
			<key>path</key>
			<string>JRDBChain.m</string>
			<key>sourceTree</key>
			<string>&lt;group&gt;</string>
		</dict>
		<key>5AD17B341D3354BC00F2B669</key>
		<dict>
			<key>fileRef</key>
			<string>5AD17B331D3354BC00F2B669</string>
			<key>isa</key>
			<string>PBXBuildFile</string>
		</dict>
		<key>5AD63F1F1CE1BE540044ACE6</key>
		<dict>
			<key>fileEncoding</key>
			<string>4</string>
			<key>isa</key>
			<string>PBXFileReference</string>
			<key>lastKnownFileType</key>
			<string>sourcecode.c.h</string>
			<key>path</key>
			<string>JRReflectUtil.h</string>
			<key>sourceTree</key>
			<string>&lt;group&gt;</string>
		</dict>
		<key>5AD63F201CE1BE540044ACE6</key>
		<dict>
			<key>fileEncoding</key>
			<string>4</string>
			<key>isa</key>
			<string>PBXFileReference</string>
			<key>lastKnownFileType</key>
			<string>sourcecode.c.objc</string>
			<key>path</key>
			<string>JRReflectUtil.m</string>
			<key>sourceTree</key>
			<string>&lt;group&gt;</string>
		</dict>
		<key>5AD63F211CE1BE540044ACE6</key>
		<dict>
			<key>fileRef</key>
			<string>5AD63F201CE1BE540044ACE6</string>
			<key>isa</key>
			<string>PBXBuildFile</string>
		</dict>
		<key>5AD63F221CE1C2480044ACE6</key>
		<dict>
			<key>fileEncoding</key>
			<string>4</string>
			<key>isa</key>
			<string>PBXFileReference</string>
			<key>lastKnownFileType</key>
			<string>sourcecode.c.h</string>
			<key>path</key>
			<string>Person.h</string>
			<key>sourceTree</key>
			<string>&lt;group&gt;</string>
		</dict>
		<key>5AD63F231CE1C2480044ACE6</key>
		<dict>
			<key>fileEncoding</key>
			<string>4</string>
			<key>isa</key>
			<string>PBXFileReference</string>
			<key>lastKnownFileType</key>
			<string>sourcecode.c.objc</string>
			<key>path</key>
			<string>Person.m</string>
			<key>sourceTree</key>
			<string>&lt;group&gt;</string>
		</dict>
		<key>5AD63F241CE1C2480044ACE6</key>
		<dict>
			<key>fileRef</key>
			<string>5AD63F231CE1C2480044ACE6</string>
			<key>isa</key>
			<string>PBXBuildFile</string>
		</dict>
		<key>5AD63F251CE1C40F0044ACE6</key>
		<dict>
			<key>isa</key>
			<string>PBXFileReference</string>
			<key>lastKnownFileType</key>
			<string>sourcecode.c.h</string>
			<key>path</key>
			<string>JRDB-Bridging-Header.h</string>
			<key>sourceTree</key>
			<string>&lt;group&gt;</string>
		</dict>
		<key>5AD63F261CE1C40F0044ACE6</key>
		<dict>
			<key>fileEncoding</key>
			<string>4</string>
			<key>isa</key>
			<string>PBXFileReference</string>
			<key>lastKnownFileType</key>
			<string>sourcecode.swift</string>
			<key>path</key>
			<string>AViewController.swift</string>
			<key>sourceTree</key>
			<string>&lt;group&gt;</string>
		</dict>
		<key>5AD63F271CE1C40F0044ACE6</key>
		<dict>
			<key>fileRef</key>
			<string>5AD63F261CE1C40F0044ACE6</string>
			<key>isa</key>
			<string>PBXBuildFile</string>
		</dict>
		<key>5AE115411D364ED400886657</key>
		<dict>
			<key>fileEncoding</key>
			<string>4</string>
			<key>isa</key>
			<string>PBXFileReference</string>
			<key>lastKnownFileType</key>
			<string>sourcecode.c.objc</string>
			<key>path</key>
			<string>JRDBChainTest.m</string>
			<key>sourceTree</key>
			<string>&lt;group&gt;</string>
		</dict>
		<key>5AE115421D364ED400886657</key>
		<dict>
			<key>fileRef</key>
			<string>5AE115411D364ED400886657</string>
			<key>isa</key>
			<string>PBXBuildFile</string>
		</dict>
		<key>7CA91A8643FE10B7BEB6BABF</key>
		<dict>
			<key>children</key>
			<array>
				<string>16D9BC35A452ABED0FB7879A</string>
				<string>2C94FB217DD9C61722850B3C</string>
			</array>
			<key>isa</key>
			<string>PBXGroup</string>
			<key>name</key>
			<string>Pods</string>
			<key>sourceTree</key>
			<string>&lt;group&gt;</string>
		</dict>
		<key>81A194F145AF441E17083A32</key>
		<dict>
			<key>buildActionMask</key>
			<string>2147483647</string>
			<key>files</key>
			<array/>
			<key>inputPaths</key>
			<array/>
			<key>isa</key>
			<string>PBXShellScriptBuildPhase</string>
			<key>name</key>
			<string>Copy Pods Resources</string>
			<key>outputPaths</key>
			<array/>
			<key>runOnlyForDeploymentPostprocessing</key>
			<string>0</string>
			<key>shellPath</key>
			<string>/bin/sh</string>
			<key>shellScript</key>
			<string>"${SRCROOT}/Pods/Target Support Files/Pods/Pods-resources.sh"
</string>
			<key>showEnvVarsInLog</key>
			<string>0</string>
		</dict>
		<key>8A86FCB24D6D09F3F309A296</key>
		<dict>
			<key>fileRef</key>
			<string>9E892DC1D9A306547EC569B1</string>
			<key>isa</key>
			<string>PBXBuildFile</string>
		</dict>
		<key>9E892DC1D9A306547EC569B1</key>
		<dict>
			<key>explicitFileType</key>
			<string>archive.ar</string>
			<key>includeInIndex</key>
			<string>0</string>
			<key>isa</key>
			<string>PBXFileReference</string>
			<key>path</key>
			<string>libPods.a</string>
			<key>sourceTree</key>
			<string>BUILT_PRODUCTS_DIR</string>
		</dict>
		<key>A80015F51D0EEC29000EA41A</key>
		<dict>
			<key>fileEncoding</key>
			<string>4</string>
			<key>isa</key>
			<string>PBXFileReference</string>
			<key>lastKnownFileType</key>
			<string>sourcecode.c.h</string>
			<key>path</key>
			<string>JRActivatedProperty.h</string>
			<key>sourceTree</key>
			<string>&lt;group&gt;</string>
		</dict>
		<key>A80015F61D0EEC29000EA41A</key>
		<dict>
			<key>fileEncoding</key>
			<string>4</string>
			<key>isa</key>
			<string>PBXFileReference</string>
			<key>lastKnownFileType</key>
			<string>sourcecode.c.objc</string>
			<key>path</key>
			<string>JRActivatedProperty.m</string>
			<key>sourceTree</key>
			<string>&lt;group&gt;</string>
		</dict>
		<key>A80015F71D0EEC29000EA41A</key>
		<dict>
			<key>fileRef</key>
			<string>A80015F61D0EEC29000EA41A</string>
			<key>isa</key>
			<string>PBXBuildFile</string>
		</dict>
		<key>A8A1B2231D033C8C00886403</key>
		<dict>
			<key>fileEncoding</key>
			<string>4</string>
			<key>isa</key>
			<string>PBXFileReference</string>
			<key>lastKnownFileType</key>
			<string>sourcecode.c.h</string>
			<key>path</key>
			<string>NSObject+Reflect.h</string>
			<key>sourceTree</key>
			<string>&lt;group&gt;</string>
		</dict>
		<key>A8A1B2241D033C8C00886403</key>
		<dict>
			<key>fileEncoding</key>
			<string>4</string>
			<key>isa</key>
			<string>PBXFileReference</string>
			<key>lastKnownFileType</key>
			<string>sourcecode.c.objc</string>
			<key>path</key>
			<string>NSObject+Reflect.m</string>
			<key>sourceTree</key>
			<string>&lt;group&gt;</string>
		</dict>
		<key>A8A1B2251D033C8C00886403</key>
		<dict>
			<key>fileRef</key>
			<string>A8A1B2241D033C8C00886403</string>
			<key>isa</key>
			<string>PBXBuildFile</string>
		</dict>
		<key>A8A1B2261D033CDC00886403</key>
		<dict>
			<key>fileEncoding</key>
			<string>4</string>
			<key>isa</key>
			<string>PBXFileReference</string>
			<key>lastKnownFileType</key>
			<string>sourcecode.c.h</string>
			<key>path</key>
			<string>OBJCProperty.h</string>
			<key>sourceTree</key>
			<string>&lt;group&gt;</string>
		</dict>
		<key>A8A1B2271D033CDC00886403</key>
		<dict>
			<key>fileEncoding</key>
			<string>4</string>
			<key>isa</key>
			<string>PBXFileReference</string>
			<key>lastKnownFileType</key>
			<string>sourcecode.c.objc</string>
			<key>path</key>
			<string>OBJCProperty.m</string>
			<key>sourceTree</key>
			<string>&lt;group&gt;</string>
		</dict>
		<key>A8A1B2281D033CDC00886403</key>
		<dict>
			<key>fileRef</key>
			<string>A8A1B2271D033CDC00886403</string>
			<key>isa</key>
			<string>PBXBuildFile</string>
		</dict>
		<key>A8A1B22C1D03D29900886403</key>
		<dict>
			<key>isa</key>
			<string>PBXFileReference</string>
			<key>lastKnownFileType</key>
			<string>sourcecode.c.h</string>
			<key>path</key>
			<string>JRReflectable.h</string>
			<key>sourceTree</key>
			<string>&lt;group&gt;</string>
		</dict>
		<key>A8ED7A501D01CCA3009ED474</key>
		<dict>
			<key>fileEncoding</key>
			<string>4</string>
			<key>isa</key>
			<string>PBXFileReference</string>
			<key>lastKnownFileType</key>
			<string>sourcecode.c.h</string>
			<key>path</key>
			<string>JRUtils.h</string>
			<key>sourceTree</key>
			<string>&lt;group&gt;</string>
		</dict>
		<key>A8ED7A511D01CCA3009ED474</key>
		<dict>
			<key>fileEncoding</key>
			<string>4</string>
			<key>isa</key>
			<string>PBXFileReference</string>
			<key>lastKnownFileType</key>
			<string>sourcecode.c.objc</string>
			<key>path</key>
			<string>JRUtils.m</string>
			<key>sourceTree</key>
			<string>&lt;group&gt;</string>
		</dict>
		<key>A8ED7A521D01CCA3009ED474</key>
		<dict>
			<key>fileRef</key>
			<string>A8ED7A511D01CCA3009ED474</string>
			<key>isa</key>
			<string>PBXBuildFile</string>
		</dict>
		<key>D72B30D0F797691BF09EB0E7</key>
		<dict>
			<key>fileRef</key>
			<string>9E892DC1D9A306547EC569B1</string>
			<key>isa</key>
			<string>PBXBuildFile</string>
		</dict>
		<key>DC887D4D0B32D846A3E2C57C</key>
		<dict>
			<key>buildActionMask</key>
			<string>2147483647</string>
			<key>files</key>
			<array/>
			<key>inputPaths</key>
			<array/>
			<key>isa</key>
			<string>PBXShellScriptBuildPhase</string>
			<key>name</key>
			<string>Copy Pods Resources</string>
			<key>outputPaths</key>
			<array/>
			<key>runOnlyForDeploymentPostprocessing</key>
			<string>0</string>
			<key>shellPath</key>
			<string>/bin/sh</string>
			<key>shellScript</key>
			<string>"${SRCROOT}/Pods/Target Support Files/Pods/Pods-resources.sh"
</string>
			<key>showEnvVarsInLog</key>
			<string>0</string>
		</dict>
		<key>E52AF4D43DD3EF3F4B30B919</key>
		<dict>
			<key>children</key>
			<array>
				<string>9E892DC1D9A306547EC569B1</string>
			</array>
			<key>isa</key>
			<string>PBXGroup</string>
			<key>name</key>
			<string>Frameworks</string>
			<key>sourceTree</key>
			<string>&lt;group&gt;</string>
		</dict>
	</dict>
	<key>rootObject</key>
	<string>5ACBEEA51CE1B3A500371E01</string>
</dict>
</plist>
